
Microsoft Visual Studio Solution File, Format Version 12.00
# Visual Studio Version 16
VisualStudioVersion = 16.0.31025.194
MinimumVisualStudioVersion = 10.0.40219.1
Project("{9A19103F-16F7-4668-BE54-9A1E7A4F7556}") = "CrossPlatformLibrary1.iOS", "CrossPlatformLibrary1\CrossPlatformLibrary1.iOS.csproj", "{B3C645A6-16E7-4D2B-BA02-9EBB59D89A76}"
EndProject
Project("{9A19103F-16F7-4668-BE54-9A1E7A4F7556}") = "CrossPlatformLibrary1.Android", "CrossPlatformLibrary1\CrossPlatformLibrary1.Android.csproj", "{49E9A7AB-E7E9-436A-AF4A-6D0D3B796D40}"
EndProject
Project("{9A19103F-16F7-4668-BE54-9A1E7A4F7556}") = "CrossPlatformLibrary1.MacOS", "CrossPlatformLibrary1\CrossPlatformLibrary1.MacOS.csproj", "{9E50774A-9805-40AD-B8F9-B0D5E20F6054}"
EndProject
Project("{9A19103F-16F7-4668-BE54-9A1E7A4F7556}") = "CrossPlatformLibrary1.Skia.Wpf", "CrossPlatformLibrary1\CrossPlatformLibrary1.Skia.Wpf.csproj", "{2E2BE482-9E2D-4FC4-B525-86D48053F7B0}"
EndProject
Project("{9A19103F-16F7-4668-BE54-9A1E7A4F7556}") = "CrossPlatformLibrary1.Skia.Tizen", "CrossPlatformLibrary1\CrossPlatformLibrary1.Skia.Tizen.csproj", "{B027EDB9-41C7-4D4C-A9D5-E9F6CE608D9E}"
EndProject
Project("{9A19103F-16F7-4668-BE54-9A1E7A4F7556}") = "CrossPlatformLibrary1.UWP", "CrossPlatformLibrary1\CrossPlatformLibrary1.UWP.csproj", "{A67A842B-09B1-4AEC-B83B-66D7001C3D41}"
EndProject
Project("{9A19103F-16F7-4668-BE54-9A1E7A4F7556}") = "CrossPlatformLibrary1Wasm", "CrossPlatformLibrary1\CrossPlatformLibrary1Wasm.csproj", "{4975DFDA-A1D6-4186-95C3-A72C6CA78502}"
EndProject
Project("{D954291E-2A0B-460D-934E-DC6B0785DB48}") = "DemoApp.Shared", "DemoApp\DemoApp.Shared\DemoApp.Shared.shproj", "{6279C845-92F8-4333-AB99-3D213163593C}"
EndProject
Project("{2150E333-8FDC-42A3-9474-1A3956D46DE8}") = "DemoApp", "DemoApp", "{5B783E5C-C183-463F-87FB-2F9FC1B91C6D}"
EndProject
Project("{FAE04EC0-301F-11D3-BF4B-00C04F79EFBC}") = "DemoApp.Droid", "DemoApp\DemoApp.Droid\DemoApp.Droid.csproj", "{8E7F888F-B0D6-47D2-986B-420767A447F3}"
EndProject
Project("{FAE04EC0-301F-11D3-BF4B-00C04F79EFBC}") = "DemoApp.iOS", "DemoApp\DemoApp.iOS\DemoApp.iOS.csproj", "{6D26AFB7-5886-4379-9B7E-BB7DBD283205}"
EndProject
Project("{FAE04EC0-301F-11D3-BF4B-00C04F79EFBC}") = "DemoApp.UWP", "DemoApp\DemoApp.UWP\DemoApp.UWP.csproj", "{3F40E190-C776-454D-9D0B-10817BD832D4}"
EndProject
Project("{FAE04EC0-301F-11D3-BF4B-00C04F79EFBC}") = "DemoApp.Wasm", "DemoApp\DemoApp.Wasm\DemoApp.Wasm.csproj", "{4FCAF9AA-79E8-4F05-8B5D-4141351FCFBE}"
EndProject
Project("{FAE04EC0-301F-11D3-BF4B-00C04F79EFBC}") = "DemoApp.macOS", "DemoApp\DemoApp.macOS\DemoApp.macOS.csproj", "{4486FCDA-33E5-44B2-A7FA-3ABA2C494A0A}"
EndProject
Project("{FAE04EC0-301F-11D3-BF4B-00C04F79EFBC}") = "DemoApp.Skia.Wpf.Host", "DemoApp\DemoApp.Skia.Wpf.Host\DemoApp.Skia.Wpf.Host.csproj", "{FD88D1DB-530B-4423-9089-8D32C604AD6B}"
EndProject
Project("{FAE04EC0-301F-11D3-BF4B-00C04F79EFBC}") = "DemoApp.Skia.Wpf", "DemoApp\DemoApp.Skia.Wpf\DemoApp.Skia.Wpf.csproj", "{EA0C7C6E-1DA0-47BE-875F-F33E01040EA2}"
EndProject
Project("{FAE04EC0-301F-11D3-BF4B-00C04F79EFBC}") = "DemoApp.Skia.Gtk", "DemoApp\DemoApp.Skia.Gtk\DemoApp.Skia.Gtk.csproj", "{B3DBE0C0-D4BA-4C80-8B78-104D13967D42}"
EndProject
Project("{FAE04EC0-301F-11D3-BF4B-00C04F79EFBC}") = "DemoApp.Skia.Tizen", "DemoApp\DemoApp.Skia.Tizen\DemoApp.Skia.Tizen.csproj", "{0BDE2A01-4CF6-4900-8F9E-B8714BE415A6}"
EndProject
Project("{2150E333-8FDC-42A3-9474-1A3956D46DE8}") = "Library", "Library", "{0DBC6B64-9625-4965-9503-49EB1F041EF2}"
EndProject
Project("{9A19103F-16F7-4668-BE54-9A1E7A4F7556}") = "CrossPlatformLibrary1.Skia.Gtk", "CrossPlatformLibrary1\CrossPlatformLibrary1.Skia.Gtk.csproj", "{A7B62BE4-75F7-45E3-B31A-5EC6A326EDB1}"
EndProject
Global
	GlobalSection(SharedMSBuildProjectFiles) = preSolution
		DemoApp\DemoApp.Shared\DemoApp.Shared.projitems*{0bde2a01-4cf6-4900-8f9e-b8714be415a6}*SharedItemsImports = 5
		DemoApp\DemoApp.Shared\DemoApp.Shared.projitems*{3f40e190-c776-454d-9d0b-10817bd832d4}*SharedItemsImports = 4
		DemoApp\DemoApp.Shared\DemoApp.Shared.projitems*{4486fcda-33e5-44b2-a7fa-3aba2c494a0a}*SharedItemsImports = 4
		DemoApp\DemoApp.Shared\DemoApp.Shared.projitems*{4fcaf9aa-79e8-4f05-8b5d-4141351fcfbe}*SharedItemsImports = 5
		DemoApp\DemoApp.Shared\DemoApp.Shared.projitems*{6279c845-92f8-4333-ab99-3d213163593c}*SharedItemsImports = 13
		DemoApp\DemoApp.Shared\DemoApp.Shared.projitems*{6d26afb7-5886-4379-9b7e-bb7dbd283205}*SharedItemsImports = 4
		DemoApp\DemoApp.Shared\DemoApp.Shared.projitems*{8e7f888f-b0d6-47d2-986b-420767a447f3}*SharedItemsImports = 4
		DemoApp\DemoApp.Shared\DemoApp.Shared.projitems*{b3dbe0c0-d4ba-4c80-8b78-104d13967d42}*SharedItemsImports = 5
		DemoApp\DemoApp.Shared\DemoApp.Shared.projitems*{ea0c7c6e-1da0-47be-875f-f33e01040ea2}*SharedItemsImports = 5
	EndGlobalSection
	GlobalSection(SolutionConfigurationPlatforms) = preSolution
		Ad-Hoc|Any CPU = Ad-Hoc|Any CPU
		Ad-Hoc|ARM = Ad-Hoc|ARM
		Ad-Hoc|ARM64 = Ad-Hoc|ARM64
		Ad-Hoc|iPhone = Ad-Hoc|iPhone
		Ad-Hoc|iPhoneSimulator = Ad-Hoc|iPhoneSimulator
		Ad-Hoc|x64 = Ad-Hoc|x64
		Ad-Hoc|x86 = Ad-Hoc|x86
		AppStore|Any CPU = AppStore|Any CPU
		AppStore|ARM = AppStore|ARM
		AppStore|ARM64 = AppStore|ARM64
		AppStore|iPhone = AppStore|iPhone
		AppStore|iPhoneSimulator = AppStore|iPhoneSimulator
		AppStore|x64 = AppStore|x64
		AppStore|x86 = AppStore|x86
		Debug|Any CPU = Debug|Any CPU
		Debug|ARM = Debug|ARM
		Debug|ARM64 = Debug|ARM64
		Debug|iPhone = Debug|iPhone
		Debug|iPhoneSimulator = Debug|iPhoneSimulator
		Debug|x64 = Debug|x64
		Debug|x86 = Debug|x86
		Release|Any CPU = Release|Any CPU
		Release|ARM = Release|ARM
		Release|ARM64 = Release|ARM64
		Release|iPhone = Release|iPhone
		Release|iPhoneSimulator = Release|iPhoneSimulator
		Release|x64 = Release|x64
		Release|x86 = Release|x86
	EndGlobalSection
	GlobalSection(ProjectConfigurationPlatforms) = postSolution
		{B3C645A6-16E7-4D2B-BA02-9EBB59D89A76}.Ad-Hoc|Any CPU.ActiveCfg = Debug|Any CPU
		{B3C645A6-16E7-4D2B-BA02-9EBB59D89A76}.Ad-Hoc|Any CPU.Build.0 = Debug|Any CPU
		{B3C645A6-16E7-4D2B-BA02-9EBB59D89A76}.Ad-Hoc|ARM.ActiveCfg = Debug|Any CPU
		{B3C645A6-16E7-4D2B-BA02-9EBB59D89A76}.Ad-Hoc|ARM.Build.0 = Debug|Any CPU
		{B3C645A6-16E7-4D2B-BA02-9EBB59D89A76}.Ad-Hoc|ARM64.ActiveCfg = Debug|Any CPU
		{B3C645A6-16E7-4D2B-BA02-9EBB59D89A76}.Ad-Hoc|ARM64.Build.0 = Debug|Any CPU
		{B3C645A6-16E7-4D2B-BA02-9EBB59D89A76}.Ad-Hoc|iPhone.ActiveCfg = Debug|Any CPU
		{B3C645A6-16E7-4D2B-BA02-9EBB59D89A76}.Ad-Hoc|iPhone.Build.0 = Debug|Any CPU
		{B3C645A6-16E7-4D2B-BA02-9EBB59D89A76}.Ad-Hoc|iPhoneSimulator.ActiveCfg = Debug|Any CPU
		{B3C645A6-16E7-4D2B-BA02-9EBB59D89A76}.Ad-Hoc|iPhoneSimulator.Build.0 = Debug|Any CPU
		{B3C645A6-16E7-4D2B-BA02-9EBB59D89A76}.Ad-Hoc|x64.ActiveCfg = Debug|Any CPU
		{B3C645A6-16E7-4D2B-BA02-9EBB59D89A76}.Ad-Hoc|x64.Build.0 = Debug|Any CPU
		{B3C645A6-16E7-4D2B-BA02-9EBB59D89A76}.Ad-Hoc|x86.ActiveCfg = Debug|Any CPU
		{B3C645A6-16E7-4D2B-BA02-9EBB59D89A76}.Ad-Hoc|x86.Build.0 = Debug|Any CPU
		{B3C645A6-16E7-4D2B-BA02-9EBB59D89A76}.AppStore|Any CPU.ActiveCfg = Debug|Any CPU
		{B3C645A6-16E7-4D2B-BA02-9EBB59D89A76}.AppStore|Any CPU.Build.0 = Debug|Any CPU
		{B3C645A6-16E7-4D2B-BA02-9EBB59D89A76}.AppStore|ARM.ActiveCfg = Debug|Any CPU
		{B3C645A6-16E7-4D2B-BA02-9EBB59D89A76}.AppStore|ARM.Build.0 = Debug|Any CPU
		{B3C645A6-16E7-4D2B-BA02-9EBB59D89A76}.AppStore|ARM64.ActiveCfg = Debug|Any CPU
		{B3C645A6-16E7-4D2B-BA02-9EBB59D89A76}.AppStore|ARM64.Build.0 = Debug|Any CPU
		{B3C645A6-16E7-4D2B-BA02-9EBB59D89A76}.AppStore|iPhone.ActiveCfg = Debug|Any CPU
		{B3C645A6-16E7-4D2B-BA02-9EBB59D89A76}.AppStore|iPhone.Build.0 = Debug|Any CPU
		{B3C645A6-16E7-4D2B-BA02-9EBB59D89A76}.AppStore|iPhoneSimulator.ActiveCfg = Debug|Any CPU
		{B3C645A6-16E7-4D2B-BA02-9EBB59D89A76}.AppStore|iPhoneSimulator.Build.0 = Debug|Any CPU
		{B3C645A6-16E7-4D2B-BA02-9EBB59D89A76}.AppStore|x64.ActiveCfg = Debug|Any CPU
		{B3C645A6-16E7-4D2B-BA02-9EBB59D89A76}.AppStore|x64.Build.0 = Debug|Any CPU
		{B3C645A6-16E7-4D2B-BA02-9EBB59D89A76}.AppStore|x86.ActiveCfg = Debug|Any CPU
		{B3C645A6-16E7-4D2B-BA02-9EBB59D89A76}.AppStore|x86.Build.0 = Debug|Any CPU
		{B3C645A6-16E7-4D2B-BA02-9EBB59D89A76}.Debug|Any CPU.ActiveCfg = Debug|Any CPU
		{B3C645A6-16E7-4D2B-BA02-9EBB59D89A76}.Debug|Any CPU.Build.0 = Debug|Any CPU
		{B3C645A6-16E7-4D2B-BA02-9EBB59D89A76}.Debug|ARM.ActiveCfg = Debug|Any CPU
		{B3C645A6-16E7-4D2B-BA02-9EBB59D89A76}.Debug|ARM.Build.0 = Debug|Any CPU
		{B3C645A6-16E7-4D2B-BA02-9EBB59D89A76}.Debug|ARM64.ActiveCfg = Debug|Any CPU
		{B3C645A6-16E7-4D2B-BA02-9EBB59D89A76}.Debug|ARM64.Build.0 = Debug|Any CPU
		{B3C645A6-16E7-4D2B-BA02-9EBB59D89A76}.Debug|iPhone.ActiveCfg = Debug|Any CPU
		{B3C645A6-16E7-4D2B-BA02-9EBB59D89A76}.Debug|iPhone.Build.0 = Debug|Any CPU
		{B3C645A6-16E7-4D2B-BA02-9EBB59D89A76}.Debug|iPhoneSimulator.ActiveCfg = Debug|Any CPU
		{B3C645A6-16E7-4D2B-BA02-9EBB59D89A76}.Debug|iPhoneSimulator.Build.0 = Debug|Any CPU
		{B3C645A6-16E7-4D2B-BA02-9EBB59D89A76}.Debug|x64.ActiveCfg = Debug|Any CPU
		{B3C645A6-16E7-4D2B-BA02-9EBB59D89A76}.Debug|x64.Build.0 = Debug|Any CPU
		{B3C645A6-16E7-4D2B-BA02-9EBB59D89A76}.Debug|x86.ActiveCfg = Debug|Any CPU
		{B3C645A6-16E7-4D2B-BA02-9EBB59D89A76}.Debug|x86.Build.0 = Debug|Any CPU
		{B3C645A6-16E7-4D2B-BA02-9EBB59D89A76}.Release|Any CPU.ActiveCfg = Release|Any CPU
		{B3C645A6-16E7-4D2B-BA02-9EBB59D89A76}.Release|Any CPU.Build.0 = Release|Any CPU
		{B3C645A6-16E7-4D2B-BA02-9EBB59D89A76}.Release|ARM.ActiveCfg = Release|Any CPU
		{B3C645A6-16E7-4D2B-BA02-9EBB59D89A76}.Release|ARM.Build.0 = Release|Any CPU
		{B3C645A6-16E7-4D2B-BA02-9EBB59D89A76}.Release|ARM64.ActiveCfg = Release|Any CPU
		{B3C645A6-16E7-4D2B-BA02-9EBB59D89A76}.Release|ARM64.Build.0 = Release|Any CPU
		{B3C645A6-16E7-4D2B-BA02-9EBB59D89A76}.Release|iPhone.ActiveCfg = Release|Any CPU
		{B3C645A6-16E7-4D2B-BA02-9EBB59D89A76}.Release|iPhone.Build.0 = Release|Any CPU
		{B3C645A6-16E7-4D2B-BA02-9EBB59D89A76}.Release|iPhoneSimulator.ActiveCfg = Release|Any CPU
		{B3C645A6-16E7-4D2B-BA02-9EBB59D89A76}.Release|iPhoneSimulator.Build.0 = Release|Any CPU
		{B3C645A6-16E7-4D2B-BA02-9EBB59D89A76}.Release|x64.ActiveCfg = Release|Any CPU
		{B3C645A6-16E7-4D2B-BA02-9EBB59D89A76}.Release|x64.Build.0 = Release|Any CPU
		{B3C645A6-16E7-4D2B-BA02-9EBB59D89A76}.Release|x86.ActiveCfg = Release|Any CPU
		{B3C645A6-16E7-4D2B-BA02-9EBB59D89A76}.Release|x86.Build.0 = Release|Any CPU
		{49E9A7AB-E7E9-436A-AF4A-6D0D3B796D40}.Ad-Hoc|Any CPU.ActiveCfg = Debug|Any CPU
		{49E9A7AB-E7E9-436A-AF4A-6D0D3B796D40}.Ad-Hoc|Any CPU.Build.0 = Debug|Any CPU
		{49E9A7AB-E7E9-436A-AF4A-6D0D3B796D40}.Ad-Hoc|ARM.ActiveCfg = Debug|Any CPU
		{49E9A7AB-E7E9-436A-AF4A-6D0D3B796D40}.Ad-Hoc|ARM.Build.0 = Debug|Any CPU
		{49E9A7AB-E7E9-436A-AF4A-6D0D3B796D40}.Ad-Hoc|ARM64.ActiveCfg = Debug|Any CPU
		{49E9A7AB-E7E9-436A-AF4A-6D0D3B796D40}.Ad-Hoc|ARM64.Build.0 = Debug|Any CPU
		{49E9A7AB-E7E9-436A-AF4A-6D0D3B796D40}.Ad-Hoc|iPhone.ActiveCfg = Debug|Any CPU
		{49E9A7AB-E7E9-436A-AF4A-6D0D3B796D40}.Ad-Hoc|iPhone.Build.0 = Debug|Any CPU
		{49E9A7AB-E7E9-436A-AF4A-6D0D3B796D40}.Ad-Hoc|iPhoneSimulator.ActiveCfg = Debug|Any CPU
		{49E9A7AB-E7E9-436A-AF4A-6D0D3B796D40}.Ad-Hoc|iPhoneSimulator.Build.0 = Debug|Any CPU
		{49E9A7AB-E7E9-436A-AF4A-6D0D3B796D40}.Ad-Hoc|x64.ActiveCfg = Debug|Any CPU
		{49E9A7AB-E7E9-436A-AF4A-6D0D3B796D40}.Ad-Hoc|x64.Build.0 = Debug|Any CPU
		{49E9A7AB-E7E9-436A-AF4A-6D0D3B796D40}.Ad-Hoc|x86.ActiveCfg = Debug|Any CPU
		{49E9A7AB-E7E9-436A-AF4A-6D0D3B796D40}.Ad-Hoc|x86.Build.0 = Debug|Any CPU
		{49E9A7AB-E7E9-436A-AF4A-6D0D3B796D40}.AppStore|Any CPU.ActiveCfg = Debug|Any CPU
		{49E9A7AB-E7E9-436A-AF4A-6D0D3B796D40}.AppStore|Any CPU.Build.0 = Debug|Any CPU
		{49E9A7AB-E7E9-436A-AF4A-6D0D3B796D40}.AppStore|ARM.ActiveCfg = Debug|Any CPU
		{49E9A7AB-E7E9-436A-AF4A-6D0D3B796D40}.AppStore|ARM.Build.0 = Debug|Any CPU
		{49E9A7AB-E7E9-436A-AF4A-6D0D3B796D40}.AppStore|ARM64.ActiveCfg = Debug|Any CPU
		{49E9A7AB-E7E9-436A-AF4A-6D0D3B796D40}.AppStore|ARM64.Build.0 = Debug|Any CPU
		{49E9A7AB-E7E9-436A-AF4A-6D0D3B796D40}.AppStore|iPhone.ActiveCfg = Debug|Any CPU
		{49E9A7AB-E7E9-436A-AF4A-6D0D3B796D40}.AppStore|iPhone.Build.0 = Debug|Any CPU
		{49E9A7AB-E7E9-436A-AF4A-6D0D3B796D40}.AppStore|iPhoneSimulator.ActiveCfg = Debug|Any CPU
		{49E9A7AB-E7E9-436A-AF4A-6D0D3B796D40}.AppStore|iPhoneSimulator.Build.0 = Debug|Any CPU
		{49E9A7AB-E7E9-436A-AF4A-6D0D3B796D40}.AppStore|x64.ActiveCfg = Debug|Any CPU
		{49E9A7AB-E7E9-436A-AF4A-6D0D3B796D40}.AppStore|x64.Build.0 = Debug|Any CPU
		{49E9A7AB-E7E9-436A-AF4A-6D0D3B796D40}.AppStore|x86.ActiveCfg = Debug|Any CPU
		{49E9A7AB-E7E9-436A-AF4A-6D0D3B796D40}.AppStore|x86.Build.0 = Debug|Any CPU
		{49E9A7AB-E7E9-436A-AF4A-6D0D3B796D40}.Debug|Any CPU.ActiveCfg = Debug|Any CPU
		{49E9A7AB-E7E9-436A-AF4A-6D0D3B796D40}.Debug|Any CPU.Build.0 = Debug|Any CPU
		{49E9A7AB-E7E9-436A-AF4A-6D0D3B796D40}.Debug|ARM.ActiveCfg = Debug|Any CPU
		{49E9A7AB-E7E9-436A-AF4A-6D0D3B796D40}.Debug|ARM.Build.0 = Debug|Any CPU
		{49E9A7AB-E7E9-436A-AF4A-6D0D3B796D40}.Debug|ARM64.ActiveCfg = Debug|Any CPU
		{49E9A7AB-E7E9-436A-AF4A-6D0D3B796D40}.Debug|ARM64.Build.0 = Debug|Any CPU
		{49E9A7AB-E7E9-436A-AF4A-6D0D3B796D40}.Debug|iPhone.ActiveCfg = Debug|Any CPU
		{49E9A7AB-E7E9-436A-AF4A-6D0D3B796D40}.Debug|iPhone.Build.0 = Debug|Any CPU
		{49E9A7AB-E7E9-436A-AF4A-6D0D3B796D40}.Debug|iPhoneSimulator.ActiveCfg = Debug|Any CPU
		{49E9A7AB-E7E9-436A-AF4A-6D0D3B796D40}.Debug|iPhoneSimulator.Build.0 = Debug|Any CPU
		{49E9A7AB-E7E9-436A-AF4A-6D0D3B796D40}.Debug|x64.ActiveCfg = Debug|Any CPU
		{49E9A7AB-E7E9-436A-AF4A-6D0D3B796D40}.Debug|x64.Build.0 = Debug|Any CPU
		{49E9A7AB-E7E9-436A-AF4A-6D0D3B796D40}.Debug|x86.ActiveCfg = Debug|Any CPU
		{49E9A7AB-E7E9-436A-AF4A-6D0D3B796D40}.Debug|x86.Build.0 = Debug|Any CPU
		{49E9A7AB-E7E9-436A-AF4A-6D0D3B796D40}.Release|Any CPU.ActiveCfg = Release|Any CPU
		{49E9A7AB-E7E9-436A-AF4A-6D0D3B796D40}.Release|Any CPU.Build.0 = Release|Any CPU
		{49E9A7AB-E7E9-436A-AF4A-6D0D3B796D40}.Release|ARM.ActiveCfg = Release|Any CPU
		{49E9A7AB-E7E9-436A-AF4A-6D0D3B796D40}.Release|ARM.Build.0 = Release|Any CPU
		{49E9A7AB-E7E9-436A-AF4A-6D0D3B796D40}.Release|ARM64.ActiveCfg = Release|Any CPU
		{49E9A7AB-E7E9-436A-AF4A-6D0D3B796D40}.Release|ARM64.Build.0 = Release|Any CPU
		{49E9A7AB-E7E9-436A-AF4A-6D0D3B796D40}.Release|iPhone.ActiveCfg = Release|Any CPU
		{49E9A7AB-E7E9-436A-AF4A-6D0D3B796D40}.Release|iPhone.Build.0 = Release|Any CPU
		{49E9A7AB-E7E9-436A-AF4A-6D0D3B796D40}.Release|iPhoneSimulator.ActiveCfg = Release|Any CPU
		{49E9A7AB-E7E9-436A-AF4A-6D0D3B796D40}.Release|iPhoneSimulator.Build.0 = Release|Any CPU
		{49E9A7AB-E7E9-436A-AF4A-6D0D3B796D40}.Release|x64.ActiveCfg = Release|Any CPU
		{49E9A7AB-E7E9-436A-AF4A-6D0D3B796D40}.Release|x64.Build.0 = Release|Any CPU
		{49E9A7AB-E7E9-436A-AF4A-6D0D3B796D40}.Release|x86.ActiveCfg = Release|Any CPU
		{49E9A7AB-E7E9-436A-AF4A-6D0D3B796D40}.Release|x86.Build.0 = Release|Any CPU
		{9E50774A-9805-40AD-B8F9-B0D5E20F6054}.Ad-Hoc|Any CPU.ActiveCfg = Debug|Any CPU
		{9E50774A-9805-40AD-B8F9-B0D5E20F6054}.Ad-Hoc|Any CPU.Build.0 = Debug|Any CPU
		{9E50774A-9805-40AD-B8F9-B0D5E20F6054}.Ad-Hoc|ARM.ActiveCfg = Debug|Any CPU
		{9E50774A-9805-40AD-B8F9-B0D5E20F6054}.Ad-Hoc|ARM.Build.0 = Debug|Any CPU
		{9E50774A-9805-40AD-B8F9-B0D5E20F6054}.Ad-Hoc|ARM64.ActiveCfg = Debug|Any CPU
		{9E50774A-9805-40AD-B8F9-B0D5E20F6054}.Ad-Hoc|ARM64.Build.0 = Debug|Any CPU
		{9E50774A-9805-40AD-B8F9-B0D5E20F6054}.Ad-Hoc|iPhone.ActiveCfg = Debug|Any CPU
		{9E50774A-9805-40AD-B8F9-B0D5E20F6054}.Ad-Hoc|iPhone.Build.0 = Debug|Any CPU
		{9E50774A-9805-40AD-B8F9-B0D5E20F6054}.Ad-Hoc|iPhoneSimulator.ActiveCfg = Debug|Any CPU
		{9E50774A-9805-40AD-B8F9-B0D5E20F6054}.Ad-Hoc|iPhoneSimulator.Build.0 = Debug|Any CPU
		{9E50774A-9805-40AD-B8F9-B0D5E20F6054}.Ad-Hoc|x64.ActiveCfg = Debug|Any CPU
		{9E50774A-9805-40AD-B8F9-B0D5E20F6054}.Ad-Hoc|x64.Build.0 = Debug|Any CPU
		{9E50774A-9805-40AD-B8F9-B0D5E20F6054}.Ad-Hoc|x86.ActiveCfg = Debug|Any CPU
		{9E50774A-9805-40AD-B8F9-B0D5E20F6054}.Ad-Hoc|x86.Build.0 = Debug|Any CPU
		{9E50774A-9805-40AD-B8F9-B0D5E20F6054}.AppStore|Any CPU.ActiveCfg = Debug|Any CPU
		{9E50774A-9805-40AD-B8F9-B0D5E20F6054}.AppStore|Any CPU.Build.0 = Debug|Any CPU
		{9E50774A-9805-40AD-B8F9-B0D5E20F6054}.AppStore|ARM.ActiveCfg = Debug|Any CPU
		{9E50774A-9805-40AD-B8F9-B0D5E20F6054}.AppStore|ARM.Build.0 = Debug|Any CPU
		{9E50774A-9805-40AD-B8F9-B0D5E20F6054}.AppStore|ARM64.ActiveCfg = Debug|Any CPU
		{9E50774A-9805-40AD-B8F9-B0D5E20F6054}.AppStore|ARM64.Build.0 = Debug|Any CPU
		{9E50774A-9805-40AD-B8F9-B0D5E20F6054}.AppStore|iPhone.ActiveCfg = Debug|Any CPU
		{9E50774A-9805-40AD-B8F9-B0D5E20F6054}.AppStore|iPhone.Build.0 = Debug|Any CPU
		{9E50774A-9805-40AD-B8F9-B0D5E20F6054}.AppStore|iPhoneSimulator.ActiveCfg = Debug|Any CPU
		{9E50774A-9805-40AD-B8F9-B0D5E20F6054}.AppStore|iPhoneSimulator.Build.0 = Debug|Any CPU
		{9E50774A-9805-40AD-B8F9-B0D5E20F6054}.AppStore|x64.ActiveCfg = Debug|Any CPU
		{9E50774A-9805-40AD-B8F9-B0D5E20F6054}.AppStore|x64.Build.0 = Debug|Any CPU
		{9E50774A-9805-40AD-B8F9-B0D5E20F6054}.AppStore|x86.ActiveCfg = Debug|Any CPU
		{9E50774A-9805-40AD-B8F9-B0D5E20F6054}.AppStore|x86.Build.0 = Debug|Any CPU
		{9E50774A-9805-40AD-B8F9-B0D5E20F6054}.Debug|Any CPU.ActiveCfg = Debug|Any CPU
		{9E50774A-9805-40AD-B8F9-B0D5E20F6054}.Debug|Any CPU.Build.0 = Debug|Any CPU
		{9E50774A-9805-40AD-B8F9-B0D5E20F6054}.Debug|ARM.ActiveCfg = Debug|Any CPU
		{9E50774A-9805-40AD-B8F9-B0D5E20F6054}.Debug|ARM.Build.0 = Debug|Any CPU
		{9E50774A-9805-40AD-B8F9-B0D5E20F6054}.Debug|ARM64.ActiveCfg = Debug|Any CPU
		{9E50774A-9805-40AD-B8F9-B0D5E20F6054}.Debug|ARM64.Build.0 = Debug|Any CPU
		{9E50774A-9805-40AD-B8F9-B0D5E20F6054}.Debug|iPhone.ActiveCfg = Debug|Any CPU
		{9E50774A-9805-40AD-B8F9-B0D5E20F6054}.Debug|iPhone.Build.0 = Debug|Any CPU
		{9E50774A-9805-40AD-B8F9-B0D5E20F6054}.Debug|iPhoneSimulator.ActiveCfg = Debug|Any CPU
		{9E50774A-9805-40AD-B8F9-B0D5E20F6054}.Debug|iPhoneSimulator.Build.0 = Debug|Any CPU
		{9E50774A-9805-40AD-B8F9-B0D5E20F6054}.Debug|x64.ActiveCfg = Debug|Any CPU
		{9E50774A-9805-40AD-B8F9-B0D5E20F6054}.Debug|x64.Build.0 = Debug|Any CPU
		{9E50774A-9805-40AD-B8F9-B0D5E20F6054}.Debug|x86.ActiveCfg = Debug|Any CPU
		{9E50774A-9805-40AD-B8F9-B0D5E20F6054}.Debug|x86.Build.0 = Debug|Any CPU
		{9E50774A-9805-40AD-B8F9-B0D5E20F6054}.Release|Any CPU.ActiveCfg = Release|Any CPU
		{9E50774A-9805-40AD-B8F9-B0D5E20F6054}.Release|Any CPU.Build.0 = Release|Any CPU
		{9E50774A-9805-40AD-B8F9-B0D5E20F6054}.Release|ARM.ActiveCfg = Release|Any CPU
		{9E50774A-9805-40AD-B8F9-B0D5E20F6054}.Release|ARM.Build.0 = Release|Any CPU
		{9E50774A-9805-40AD-B8F9-B0D5E20F6054}.Release|ARM64.ActiveCfg = Release|Any CPU
		{9E50774A-9805-40AD-B8F9-B0D5E20F6054}.Release|ARM64.Build.0 = Release|Any CPU
		{9E50774A-9805-40AD-B8F9-B0D5E20F6054}.Release|iPhone.ActiveCfg = Release|Any CPU
		{9E50774A-9805-40AD-B8F9-B0D5E20F6054}.Release|iPhone.Build.0 = Release|Any CPU
		{9E50774A-9805-40AD-B8F9-B0D5E20F6054}.Release|iPhoneSimulator.ActiveCfg = Release|Any CPU
		{9E50774A-9805-40AD-B8F9-B0D5E20F6054}.Release|iPhoneSimulator.Build.0 = Release|Any CPU
		{9E50774A-9805-40AD-B8F9-B0D5E20F6054}.Release|x64.ActiveCfg = Release|Any CPU
		{9E50774A-9805-40AD-B8F9-B0D5E20F6054}.Release|x64.Build.0 = Release|Any CPU
		{9E50774A-9805-40AD-B8F9-B0D5E20F6054}.Release|x86.ActiveCfg = Release|Any CPU
		{9E50774A-9805-40AD-B8F9-B0D5E20F6054}.Release|x86.Build.0 = Release|Any CPU
		{2E2BE482-9E2D-4FC4-B525-86D48053F7B0}.Ad-Hoc|Any CPU.ActiveCfg = Debug|Any CPU
		{2E2BE482-9E2D-4FC4-B525-86D48053F7B0}.Ad-Hoc|Any CPU.Build.0 = Debug|Any CPU
		{2E2BE482-9E2D-4FC4-B525-86D48053F7B0}.Ad-Hoc|ARM.ActiveCfg = Debug|Any CPU
		{2E2BE482-9E2D-4FC4-B525-86D48053F7B0}.Ad-Hoc|ARM.Build.0 = Debug|Any CPU
		{2E2BE482-9E2D-4FC4-B525-86D48053F7B0}.Ad-Hoc|ARM64.ActiveCfg = Debug|Any CPU
		{2E2BE482-9E2D-4FC4-B525-86D48053F7B0}.Ad-Hoc|ARM64.Build.0 = Debug|Any CPU
		{2E2BE482-9E2D-4FC4-B525-86D48053F7B0}.Ad-Hoc|iPhone.ActiveCfg = Debug|Any CPU
		{2E2BE482-9E2D-4FC4-B525-86D48053F7B0}.Ad-Hoc|iPhone.Build.0 = Debug|Any CPU
		{2E2BE482-9E2D-4FC4-B525-86D48053F7B0}.Ad-Hoc|iPhoneSimulator.ActiveCfg = Debug|Any CPU
		{2E2BE482-9E2D-4FC4-B525-86D48053F7B0}.Ad-Hoc|iPhoneSimulator.Build.0 = Debug|Any CPU
		{2E2BE482-9E2D-4FC4-B525-86D48053F7B0}.Ad-Hoc|x64.ActiveCfg = Debug|Any CPU
		{2E2BE482-9E2D-4FC4-B525-86D48053F7B0}.Ad-Hoc|x64.Build.0 = Debug|Any CPU
		{2E2BE482-9E2D-4FC4-B525-86D48053F7B0}.Ad-Hoc|x86.ActiveCfg = Debug|Any CPU
		{2E2BE482-9E2D-4FC4-B525-86D48053F7B0}.Ad-Hoc|x86.Build.0 = Debug|Any CPU
		{2E2BE482-9E2D-4FC4-B525-86D48053F7B0}.AppStore|Any CPU.ActiveCfg = Debug|Any CPU
		{2E2BE482-9E2D-4FC4-B525-86D48053F7B0}.AppStore|Any CPU.Build.0 = Debug|Any CPU
		{2E2BE482-9E2D-4FC4-B525-86D48053F7B0}.AppStore|ARM.ActiveCfg = Debug|Any CPU
		{2E2BE482-9E2D-4FC4-B525-86D48053F7B0}.AppStore|ARM.Build.0 = Debug|Any CPU
		{2E2BE482-9E2D-4FC4-B525-86D48053F7B0}.AppStore|ARM64.ActiveCfg = Debug|Any CPU
		{2E2BE482-9E2D-4FC4-B525-86D48053F7B0}.AppStore|ARM64.Build.0 = Debug|Any CPU
		{2E2BE482-9E2D-4FC4-B525-86D48053F7B0}.AppStore|iPhone.ActiveCfg = Debug|Any CPU
		{2E2BE482-9E2D-4FC4-B525-86D48053F7B0}.AppStore|iPhone.Build.0 = Debug|Any CPU
		{2E2BE482-9E2D-4FC4-B525-86D48053F7B0}.AppStore|iPhoneSimulator.ActiveCfg = Debug|Any CPU
		{2E2BE482-9E2D-4FC4-B525-86D48053F7B0}.AppStore|iPhoneSimulator.Build.0 = Debug|Any CPU
		{2E2BE482-9E2D-4FC4-B525-86D48053F7B0}.AppStore|x64.ActiveCfg = Debug|Any CPU
		{2E2BE482-9E2D-4FC4-B525-86D48053F7B0}.AppStore|x64.Build.0 = Debug|Any CPU
		{2E2BE482-9E2D-4FC4-B525-86D48053F7B0}.AppStore|x86.ActiveCfg = Debug|Any CPU
		{2E2BE482-9E2D-4FC4-B525-86D48053F7B0}.AppStore|x86.Build.0 = Debug|Any CPU
		{2E2BE482-9E2D-4FC4-B525-86D48053F7B0}.Debug|Any CPU.ActiveCfg = Debug|Any CPU
		{2E2BE482-9E2D-4FC4-B525-86D48053F7B0}.Debug|Any CPU.Build.0 = Debug|Any CPU
		{2E2BE482-9E2D-4FC4-B525-86D48053F7B0}.Debug|ARM.ActiveCfg = Debug|Any CPU
		{2E2BE482-9E2D-4FC4-B525-86D48053F7B0}.Debug|ARM.Build.0 = Debug|Any CPU
		{2E2BE482-9E2D-4FC4-B525-86D48053F7B0}.Debug|ARM64.ActiveCfg = Debug|Any CPU
		{2E2BE482-9E2D-4FC4-B525-86D48053F7B0}.Debug|ARM64.Build.0 = Debug|Any CPU
		{2E2BE482-9E2D-4FC4-B525-86D48053F7B0}.Debug|iPhone.ActiveCfg = Debug|Any CPU
		{2E2BE482-9E2D-4FC4-B525-86D48053F7B0}.Debug|iPhone.Build.0 = Debug|Any CPU
		{2E2BE482-9E2D-4FC4-B525-86D48053F7B0}.Debug|iPhoneSimulator.ActiveCfg = Debug|Any CPU
		{2E2BE482-9E2D-4FC4-B525-86D48053F7B0}.Debug|iPhoneSimulator.Build.0 = Debug|Any CPU
		{2E2BE482-9E2D-4FC4-B525-86D48053F7B0}.Debug|x64.ActiveCfg = Debug|Any CPU
		{2E2BE482-9E2D-4FC4-B525-86D48053F7B0}.Debug|x64.Build.0 = Debug|Any CPU
		{2E2BE482-9E2D-4FC4-B525-86D48053F7B0}.Debug|x86.ActiveCfg = Debug|Any CPU
		{2E2BE482-9E2D-4FC4-B525-86D48053F7B0}.Debug|x86.Build.0 = Debug|Any CPU
		{2E2BE482-9E2D-4FC4-B525-86D48053F7B0}.Release|Any CPU.ActiveCfg = Release|Any CPU
		{2E2BE482-9E2D-4FC4-B525-86D48053F7B0}.Release|Any CPU.Build.0 = Release|Any CPU
		{2E2BE482-9E2D-4FC4-B525-86D48053F7B0}.Release|ARM.ActiveCfg = Release|Any CPU
		{2E2BE482-9E2D-4FC4-B525-86D48053F7B0}.Release|ARM.Build.0 = Release|Any CPU
		{2E2BE482-9E2D-4FC4-B525-86D48053F7B0}.Release|ARM64.ActiveCfg = Release|Any CPU
		{2E2BE482-9E2D-4FC4-B525-86D48053F7B0}.Release|ARM64.Build.0 = Release|Any CPU
		{2E2BE482-9E2D-4FC4-B525-86D48053F7B0}.Release|iPhone.ActiveCfg = Release|Any CPU
		{2E2BE482-9E2D-4FC4-B525-86D48053F7B0}.Release|iPhone.Build.0 = Release|Any CPU
		{2E2BE482-9E2D-4FC4-B525-86D48053F7B0}.Release|iPhoneSimulator.ActiveCfg = Release|Any CPU
		{2E2BE482-9E2D-4FC4-B525-86D48053F7B0}.Release|iPhoneSimulator.Build.0 = Release|Any CPU
		{2E2BE482-9E2D-4FC4-B525-86D48053F7B0}.Release|x64.ActiveCfg = Release|Any CPU
		{2E2BE482-9E2D-4FC4-B525-86D48053F7B0}.Release|x64.Build.0 = Release|Any CPU
		{2E2BE482-9E2D-4FC4-B525-86D48053F7B0}.Release|x86.ActiveCfg = Release|Any CPU
		{2E2BE482-9E2D-4FC4-B525-86D48053F7B0}.Release|x86.Build.0 = Release|Any CPU
		{B027EDB9-41C7-4D4C-A9D5-E9F6CE608D9E}.Ad-Hoc|Any CPU.ActiveCfg = Debug|Any CPU
		{B027EDB9-41C7-4D4C-A9D5-E9F6CE608D9E}.Ad-Hoc|Any CPU.Build.0 = Debug|Any CPU
		{B027EDB9-41C7-4D4C-A9D5-E9F6CE608D9E}.Ad-Hoc|ARM.ActiveCfg = Debug|Any CPU
		{B027EDB9-41C7-4D4C-A9D5-E9F6CE608D9E}.Ad-Hoc|ARM.Build.0 = Debug|Any CPU
		{B027EDB9-41C7-4D4C-A9D5-E9F6CE608D9E}.Ad-Hoc|ARM64.ActiveCfg = Debug|Any CPU
		{B027EDB9-41C7-4D4C-A9D5-E9F6CE608D9E}.Ad-Hoc|ARM64.Build.0 = Debug|Any CPU
		{B027EDB9-41C7-4D4C-A9D5-E9F6CE608D9E}.Ad-Hoc|iPhone.ActiveCfg = Debug|Any CPU
		{B027EDB9-41C7-4D4C-A9D5-E9F6CE608D9E}.Ad-Hoc|iPhone.Build.0 = Debug|Any CPU
		{B027EDB9-41C7-4D4C-A9D5-E9F6CE608D9E}.Ad-Hoc|iPhoneSimulator.ActiveCfg = Debug|Any CPU
		{B027EDB9-41C7-4D4C-A9D5-E9F6CE608D9E}.Ad-Hoc|iPhoneSimulator.Build.0 = Debug|Any CPU
		{B027EDB9-41C7-4D4C-A9D5-E9F6CE608D9E}.Ad-Hoc|x64.ActiveCfg = Debug|Any CPU
		{B027EDB9-41C7-4D4C-A9D5-E9F6CE608D9E}.Ad-Hoc|x64.Build.0 = Debug|Any CPU
		{B027EDB9-41C7-4D4C-A9D5-E9F6CE608D9E}.Ad-Hoc|x86.ActiveCfg = Debug|Any CPU
		{B027EDB9-41C7-4D4C-A9D5-E9F6CE608D9E}.Ad-Hoc|x86.Build.0 = Debug|Any CPU
		{B027EDB9-41C7-4D4C-A9D5-E9F6CE608D9E}.AppStore|Any CPU.ActiveCfg = Debug|Any CPU
		{B027EDB9-41C7-4D4C-A9D5-E9F6CE608D9E}.AppStore|Any CPU.Build.0 = Debug|Any CPU
		{B027EDB9-41C7-4D4C-A9D5-E9F6CE608D9E}.AppStore|ARM.ActiveCfg = Debug|Any CPU
		{B027EDB9-41C7-4D4C-A9D5-E9F6CE608D9E}.AppStore|ARM.Build.0 = Debug|Any CPU
		{B027EDB9-41C7-4D4C-A9D5-E9F6CE608D9E}.AppStore|ARM64.ActiveCfg = Debug|Any CPU
		{B027EDB9-41C7-4D4C-A9D5-E9F6CE608D9E}.AppStore|ARM64.Build.0 = Debug|Any CPU
		{B027EDB9-41C7-4D4C-A9D5-E9F6CE608D9E}.AppStore|iPhone.ActiveCfg = Debug|Any CPU
		{B027EDB9-41C7-4D4C-A9D5-E9F6CE608D9E}.AppStore|iPhone.Build.0 = Debug|Any CPU
		{B027EDB9-41C7-4D4C-A9D5-E9F6CE608D9E}.AppStore|iPhoneSimulator.ActiveCfg = Debug|Any CPU
		{B027EDB9-41C7-4D4C-A9D5-E9F6CE608D9E}.AppStore|iPhoneSimulator.Build.0 = Debug|Any CPU
		{B027EDB9-41C7-4D4C-A9D5-E9F6CE608D9E}.AppStore|x64.ActiveCfg = Debug|Any CPU
		{B027EDB9-41C7-4D4C-A9D5-E9F6CE608D9E}.AppStore|x64.Build.0 = Debug|Any CPU
		{B027EDB9-41C7-4D4C-A9D5-E9F6CE608D9E}.AppStore|x86.ActiveCfg = Debug|Any CPU
		{B027EDB9-41C7-4D4C-A9D5-E9F6CE608D9E}.AppStore|x86.Build.0 = Debug|Any CPU
		{B027EDB9-41C7-4D4C-A9D5-E9F6CE608D9E}.Debug|Any CPU.ActiveCfg = Debug|Any CPU
		{B027EDB9-41C7-4D4C-A9D5-E9F6CE608D9E}.Debug|Any CPU.Build.0 = Debug|Any CPU
		{B027EDB9-41C7-4D4C-A9D5-E9F6CE608D9E}.Debug|ARM.ActiveCfg = Debug|Any CPU
		{B027EDB9-41C7-4D4C-A9D5-E9F6CE608D9E}.Debug|ARM.Build.0 = Debug|Any CPU
		{B027EDB9-41C7-4D4C-A9D5-E9F6CE608D9E}.Debug|ARM64.ActiveCfg = Debug|Any CPU
		{B027EDB9-41C7-4D4C-A9D5-E9F6CE608D9E}.Debug|ARM64.Build.0 = Debug|Any CPU
		{B027EDB9-41C7-4D4C-A9D5-E9F6CE608D9E}.Debug|iPhone.ActiveCfg = Debug|Any CPU
		{B027EDB9-41C7-4D4C-A9D5-E9F6CE608D9E}.Debug|iPhone.Build.0 = Debug|Any CPU
		{B027EDB9-41C7-4D4C-A9D5-E9F6CE608D9E}.Debug|iPhoneSimulator.ActiveCfg = Debug|Any CPU
		{B027EDB9-41C7-4D4C-A9D5-E9F6CE608D9E}.Debug|iPhoneSimulator.Build.0 = Debug|Any CPU
		{B027EDB9-41C7-4D4C-A9D5-E9F6CE608D9E}.Debug|x64.ActiveCfg = Debug|Any CPU
		{B027EDB9-41C7-4D4C-A9D5-E9F6CE608D9E}.Debug|x64.Build.0 = Debug|Any CPU
		{B027EDB9-41C7-4D4C-A9D5-E9F6CE608D9E}.Debug|x86.ActiveCfg = Debug|Any CPU
		{B027EDB9-41C7-4D4C-A9D5-E9F6CE608D9E}.Debug|x86.Build.0 = Debug|Any CPU
		{B027EDB9-41C7-4D4C-A9D5-E9F6CE608D9E}.Release|Any CPU.ActiveCfg = Release|Any CPU
		{B027EDB9-41C7-4D4C-A9D5-E9F6CE608D9E}.Release|Any CPU.Build.0 = Release|Any CPU
		{B027EDB9-41C7-4D4C-A9D5-E9F6CE608D9E}.Release|ARM.ActiveCfg = Release|Any CPU
		{B027EDB9-41C7-4D4C-A9D5-E9F6CE608D9E}.Release|ARM.Build.0 = Release|Any CPU
		{B027EDB9-41C7-4D4C-A9D5-E9F6CE608D9E}.Release|ARM64.ActiveCfg = Release|Any CPU
		{B027EDB9-41C7-4D4C-A9D5-E9F6CE608D9E}.Release|ARM64.Build.0 = Release|Any CPU
		{B027EDB9-41C7-4D4C-A9D5-E9F6CE608D9E}.Release|iPhone.ActiveCfg = Release|Any CPU
		{B027EDB9-41C7-4D4C-A9D5-E9F6CE608D9E}.Release|iPhone.Build.0 = Release|Any CPU
		{B027EDB9-41C7-4D4C-A9D5-E9F6CE608D9E}.Release|iPhoneSimulator.ActiveCfg = Release|Any CPU
		{B027EDB9-41C7-4D4C-A9D5-E9F6CE608D9E}.Release|iPhoneSimulator.Build.0 = Release|Any CPU
		{B027EDB9-41C7-4D4C-A9D5-E9F6CE608D9E}.Release|x64.ActiveCfg = Release|Any CPU
		{B027EDB9-41C7-4D4C-A9D5-E9F6CE608D9E}.Release|x64.Build.0 = Release|Any CPU
		{B027EDB9-41C7-4D4C-A9D5-E9F6CE608D9E}.Release|x86.ActiveCfg = Release|Any CPU
		{B027EDB9-41C7-4D4C-A9D5-E9F6CE608D9E}.Release|x86.Build.0 = Release|Any CPU
		{A67A842B-09B1-4AEC-B83B-66D7001C3D41}.Ad-Hoc|Any CPU.ActiveCfg = Debug|Any CPU
		{A67A842B-09B1-4AEC-B83B-66D7001C3D41}.Ad-Hoc|Any CPU.Build.0 = Debug|Any CPU
		{A67A842B-09B1-4AEC-B83B-66D7001C3D41}.Ad-Hoc|ARM.ActiveCfg = Debug|Any CPU
		{A67A842B-09B1-4AEC-B83B-66D7001C3D41}.Ad-Hoc|ARM.Build.0 = Debug|Any CPU
		{A67A842B-09B1-4AEC-B83B-66D7001C3D41}.Ad-Hoc|ARM64.ActiveCfg = Debug|Any CPU
		{A67A842B-09B1-4AEC-B83B-66D7001C3D41}.Ad-Hoc|ARM64.Build.0 = Debug|Any CPU
		{A67A842B-09B1-4AEC-B83B-66D7001C3D41}.Ad-Hoc|iPhone.ActiveCfg = Debug|Any CPU
		{A67A842B-09B1-4AEC-B83B-66D7001C3D41}.Ad-Hoc|iPhone.Build.0 = Debug|Any CPU
		{A67A842B-09B1-4AEC-B83B-66D7001C3D41}.Ad-Hoc|iPhoneSimulator.ActiveCfg = Debug|Any CPU
		{A67A842B-09B1-4AEC-B83B-66D7001C3D41}.Ad-Hoc|iPhoneSimulator.Build.0 = Debug|Any CPU
		{A67A842B-09B1-4AEC-B83B-66D7001C3D41}.Ad-Hoc|x64.ActiveCfg = Debug|Any CPU
		{A67A842B-09B1-4AEC-B83B-66D7001C3D41}.Ad-Hoc|x64.Build.0 = Debug|Any CPU
		{A67A842B-09B1-4AEC-B83B-66D7001C3D41}.Ad-Hoc|x86.ActiveCfg = Debug|Any CPU
		{A67A842B-09B1-4AEC-B83B-66D7001C3D41}.Ad-Hoc|x86.Build.0 = Debug|Any CPU
		{A67A842B-09B1-4AEC-B83B-66D7001C3D41}.AppStore|Any CPU.ActiveCfg = Debug|Any CPU
		{A67A842B-09B1-4AEC-B83B-66D7001C3D41}.AppStore|Any CPU.Build.0 = Debug|Any CPU
		{A67A842B-09B1-4AEC-B83B-66D7001C3D41}.AppStore|ARM.ActiveCfg = Debug|Any CPU
		{A67A842B-09B1-4AEC-B83B-66D7001C3D41}.AppStore|ARM.Build.0 = Debug|Any CPU
		{A67A842B-09B1-4AEC-B83B-66D7001C3D41}.AppStore|ARM64.ActiveCfg = Debug|Any CPU
		{A67A842B-09B1-4AEC-B83B-66D7001C3D41}.AppStore|ARM64.Build.0 = Debug|Any CPU
		{A67A842B-09B1-4AEC-B83B-66D7001C3D41}.AppStore|iPhone.ActiveCfg = Debug|Any CPU
		{A67A842B-09B1-4AEC-B83B-66D7001C3D41}.AppStore|iPhone.Build.0 = Debug|Any CPU
		{A67A842B-09B1-4AEC-B83B-66D7001C3D41}.AppStore|iPhoneSimulator.ActiveCfg = Debug|Any CPU
		{A67A842B-09B1-4AEC-B83B-66D7001C3D41}.AppStore|iPhoneSimulator.Build.0 = Debug|Any CPU
		{A67A842B-09B1-4AEC-B83B-66D7001C3D41}.AppStore|x64.ActiveCfg = Debug|Any CPU
		{A67A842B-09B1-4AEC-B83B-66D7001C3D41}.AppStore|x64.Build.0 = Debug|Any CPU
		{A67A842B-09B1-4AEC-B83B-66D7001C3D41}.AppStore|x86.ActiveCfg = Debug|Any CPU
		{A67A842B-09B1-4AEC-B83B-66D7001C3D41}.AppStore|x86.Build.0 = Debug|Any CPU
		{A67A842B-09B1-4AEC-B83B-66D7001C3D41}.Debug|Any CPU.ActiveCfg = Debug|Any CPU
		{A67A842B-09B1-4AEC-B83B-66D7001C3D41}.Debug|Any CPU.Build.0 = Debug|Any CPU
		{A67A842B-09B1-4AEC-B83B-66D7001C3D41}.Debug|Any CPU.Deploy.0 = Debug|Any CPU
		{A67A842B-09B1-4AEC-B83B-66D7001C3D41}.Debug|ARM.ActiveCfg = Debug|Any CPU
		{A67A842B-09B1-4AEC-B83B-66D7001C3D41}.Debug|ARM.Build.0 = Debug|Any CPU
		{A67A842B-09B1-4AEC-B83B-66D7001C3D41}.Debug|ARM64.ActiveCfg = Debug|Any CPU
		{A67A842B-09B1-4AEC-B83B-66D7001C3D41}.Debug|ARM64.Build.0 = Debug|Any CPU
		{A67A842B-09B1-4AEC-B83B-66D7001C3D41}.Debug|iPhone.ActiveCfg = Debug|Any CPU
		{A67A842B-09B1-4AEC-B83B-66D7001C3D41}.Debug|iPhone.Build.0 = Debug|Any CPU
		{A67A842B-09B1-4AEC-B83B-66D7001C3D41}.Debug|iPhoneSimulator.ActiveCfg = Debug|Any CPU
		{A67A842B-09B1-4AEC-B83B-66D7001C3D41}.Debug|iPhoneSimulator.Build.0 = Debug|Any CPU
		{A67A842B-09B1-4AEC-B83B-66D7001C3D41}.Debug|x64.ActiveCfg = Debug|Any CPU
		{A67A842B-09B1-4AEC-B83B-66D7001C3D41}.Debug|x64.Build.0 = Debug|Any CPU
		{A67A842B-09B1-4AEC-B83B-66D7001C3D41}.Debug|x86.ActiveCfg = Debug|Any CPU
		{A67A842B-09B1-4AEC-B83B-66D7001C3D41}.Debug|x86.Build.0 = Debug|Any CPU
		{A67A842B-09B1-4AEC-B83B-66D7001C3D41}.Release|Any CPU.ActiveCfg = Release|Any CPU
		{A67A842B-09B1-4AEC-B83B-66D7001C3D41}.Release|Any CPU.Build.0 = Release|Any CPU
		{A67A842B-09B1-4AEC-B83B-66D7001C3D41}.Release|ARM.ActiveCfg = Release|Any CPU
		{A67A842B-09B1-4AEC-B83B-66D7001C3D41}.Release|ARM.Build.0 = Release|Any CPU
		{A67A842B-09B1-4AEC-B83B-66D7001C3D41}.Release|ARM64.ActiveCfg = Release|Any CPU
		{A67A842B-09B1-4AEC-B83B-66D7001C3D41}.Release|ARM64.Build.0 = Release|Any CPU
		{A67A842B-09B1-4AEC-B83B-66D7001C3D41}.Release|iPhone.ActiveCfg = Release|Any CPU
		{A67A842B-09B1-4AEC-B83B-66D7001C3D41}.Release|iPhone.Build.0 = Release|Any CPU
		{A67A842B-09B1-4AEC-B83B-66D7001C3D41}.Release|iPhoneSimulator.ActiveCfg = Release|Any CPU
		{A67A842B-09B1-4AEC-B83B-66D7001C3D41}.Release|iPhoneSimulator.Build.0 = Release|Any CPU
		{A67A842B-09B1-4AEC-B83B-66D7001C3D41}.Release|x64.ActiveCfg = Release|Any CPU
		{A67A842B-09B1-4AEC-B83B-66D7001C3D41}.Release|x64.Build.0 = Release|Any CPU
		{A67A842B-09B1-4AEC-B83B-66D7001C3D41}.Release|x86.ActiveCfg = Release|Any CPU
		{A67A842B-09B1-4AEC-B83B-66D7001C3D41}.Release|x86.Build.0 = Release|Any CPU
		{4975DFDA-A1D6-4186-95C3-A72C6CA78502}.Ad-Hoc|Any CPU.ActiveCfg = Debug|Any CPU
		{4975DFDA-A1D6-4186-95C3-A72C6CA78502}.Ad-Hoc|Any CPU.Build.0 = Debug|Any CPU
		{4975DFDA-A1D6-4186-95C3-A72C6CA78502}.Ad-Hoc|ARM.ActiveCfg = Debug|Any CPU
		{4975DFDA-A1D6-4186-95C3-A72C6CA78502}.Ad-Hoc|ARM.Build.0 = Debug|Any CPU
		{4975DFDA-A1D6-4186-95C3-A72C6CA78502}.Ad-Hoc|ARM64.ActiveCfg = Debug|Any CPU
		{4975DFDA-A1D6-4186-95C3-A72C6CA78502}.Ad-Hoc|ARM64.Build.0 = Debug|Any CPU
		{4975DFDA-A1D6-4186-95C3-A72C6CA78502}.Ad-Hoc|iPhone.ActiveCfg = Debug|Any CPU
		{4975DFDA-A1D6-4186-95C3-A72C6CA78502}.Ad-Hoc|iPhone.Build.0 = Debug|Any CPU
		{4975DFDA-A1D6-4186-95C3-A72C6CA78502}.Ad-Hoc|iPhoneSimulator.ActiveCfg = Debug|Any CPU
		{4975DFDA-A1D6-4186-95C3-A72C6CA78502}.Ad-Hoc|iPhoneSimulator.Build.0 = Debug|Any CPU
		{4975DFDA-A1D6-4186-95C3-A72C6CA78502}.Ad-Hoc|x64.ActiveCfg = Debug|Any CPU
		{4975DFDA-A1D6-4186-95C3-A72C6CA78502}.Ad-Hoc|x64.Build.0 = Debug|Any CPU
		{4975DFDA-A1D6-4186-95C3-A72C6CA78502}.Ad-Hoc|x86.ActiveCfg = Debug|Any CPU
		{4975DFDA-A1D6-4186-95C3-A72C6CA78502}.Ad-Hoc|x86.Build.0 = Debug|Any CPU
		{4975DFDA-A1D6-4186-95C3-A72C6CA78502}.AppStore|Any CPU.ActiveCfg = Debug|Any CPU
		{4975DFDA-A1D6-4186-95C3-A72C6CA78502}.AppStore|Any CPU.Build.0 = Debug|Any CPU
		{4975DFDA-A1D6-4186-95C3-A72C6CA78502}.AppStore|ARM.ActiveCfg = Debug|Any CPU
		{4975DFDA-A1D6-4186-95C3-A72C6CA78502}.AppStore|ARM.Build.0 = Debug|Any CPU
		{4975DFDA-A1D6-4186-95C3-A72C6CA78502}.AppStore|ARM64.ActiveCfg = Debug|Any CPU
		{4975DFDA-A1D6-4186-95C3-A72C6CA78502}.AppStore|ARM64.Build.0 = Debug|Any CPU
		{4975DFDA-A1D6-4186-95C3-A72C6CA78502}.AppStore|iPhone.ActiveCfg = Debug|Any CPU
		{4975DFDA-A1D6-4186-95C3-A72C6CA78502}.AppStore|iPhone.Build.0 = Debug|Any CPU
		{4975DFDA-A1D6-4186-95C3-A72C6CA78502}.AppStore|iPhoneSimulator.ActiveCfg = Debug|Any CPU
		{4975DFDA-A1D6-4186-95C3-A72C6CA78502}.AppStore|iPhoneSimulator.Build.0 = Debug|Any CPU
		{4975DFDA-A1D6-4186-95C3-A72C6CA78502}.AppStore|x64.ActiveCfg = Debug|Any CPU
		{4975DFDA-A1D6-4186-95C3-A72C6CA78502}.AppStore|x64.Build.0 = Debug|Any CPU
		{4975DFDA-A1D6-4186-95C3-A72C6CA78502}.AppStore|x86.ActiveCfg = Debug|Any CPU
		{4975DFDA-A1D6-4186-95C3-A72C6CA78502}.AppStore|x86.Build.0 = Debug|Any CPU
		{4975DFDA-A1D6-4186-95C3-A72C6CA78502}.Debug|Any CPU.ActiveCfg = Debug|Any CPU
		{4975DFDA-A1D6-4186-95C3-A72C6CA78502}.Debug|Any CPU.Build.0 = Debug|Any CPU
		{4975DFDA-A1D6-4186-95C3-A72C6CA78502}.Debug|ARM.ActiveCfg = Debug|Any CPU
		{4975DFDA-A1D6-4186-95C3-A72C6CA78502}.Debug|ARM.Build.0 = Debug|Any CPU
		{4975DFDA-A1D6-4186-95C3-A72C6CA78502}.Debug|ARM64.ActiveCfg = Debug|Any CPU
		{4975DFDA-A1D6-4186-95C3-A72C6CA78502}.Debug|ARM64.Build.0 = Debug|Any CPU
		{4975DFDA-A1D6-4186-95C3-A72C6CA78502}.Debug|iPhone.ActiveCfg = Debug|Any CPU
		{4975DFDA-A1D6-4186-95C3-A72C6CA78502}.Debug|iPhone.Build.0 = Debug|Any CPU
		{4975DFDA-A1D6-4186-95C3-A72C6CA78502}.Debug|iPhoneSimulator.ActiveCfg = Debug|Any CPU
		{4975DFDA-A1D6-4186-95C3-A72C6CA78502}.Debug|iPhoneSimulator.Build.0 = Debug|Any CPU
		{4975DFDA-A1D6-4186-95C3-A72C6CA78502}.Debug|x64.ActiveCfg = Debug|Any CPU
		{4975DFDA-A1D6-4186-95C3-A72C6CA78502}.Debug|x64.Build.0 = Debug|Any CPU
		{4975DFDA-A1D6-4186-95C3-A72C6CA78502}.Debug|x86.ActiveCfg = Debug|Any CPU
		{4975DFDA-A1D6-4186-95C3-A72C6CA78502}.Debug|x86.Build.0 = Debug|Any CPU
		{4975DFDA-A1D6-4186-95C3-A72C6CA78502}.Release|Any CPU.ActiveCfg = Release|Any CPU
		{4975DFDA-A1D6-4186-95C3-A72C6CA78502}.Release|Any CPU.Build.0 = Release|Any CPU
		{4975DFDA-A1D6-4186-95C3-A72C6CA78502}.Release|ARM.ActiveCfg = Release|Any CPU
		{4975DFDA-A1D6-4186-95C3-A72C6CA78502}.Release|ARM.Build.0 = Release|Any CPU
		{4975DFDA-A1D6-4186-95C3-A72C6CA78502}.Release|ARM64.ActiveCfg = Release|Any CPU
		{4975DFDA-A1D6-4186-95C3-A72C6CA78502}.Release|ARM64.Build.0 = Release|Any CPU
		{4975DFDA-A1D6-4186-95C3-A72C6CA78502}.Release|iPhone.ActiveCfg = Release|Any CPU
		{4975DFDA-A1D6-4186-95C3-A72C6CA78502}.Release|iPhone.Build.0 = Release|Any CPU
		{4975DFDA-A1D6-4186-95C3-A72C6CA78502}.Release|iPhoneSimulator.ActiveCfg = Release|Any CPU
		{4975DFDA-A1D6-4186-95C3-A72C6CA78502}.Release|iPhoneSimulator.Build.0 = Release|Any CPU
		{4975DFDA-A1D6-4186-95C3-A72C6CA78502}.Release|x64.ActiveCfg = Release|Any CPU
		{4975DFDA-A1D6-4186-95C3-A72C6CA78502}.Release|x64.Build.0 = Release|Any CPU
		{4975DFDA-A1D6-4186-95C3-A72C6CA78502}.Release|x86.ActiveCfg = Release|Any CPU
		{4975DFDA-A1D6-4186-95C3-A72C6CA78502}.Release|x86.Build.0 = Release|Any CPU
		{8E7F888F-B0D6-47D2-986B-420767A447F3}.Ad-Hoc|Any CPU.ActiveCfg = Debug|Any CPU
		{8E7F888F-B0D6-47D2-986B-420767A447F3}.Ad-Hoc|Any CPU.Build.0 = Debug|Any CPU
		{8E7F888F-B0D6-47D2-986B-420767A447F3}.Ad-Hoc|Any CPU.Deploy.0 = Debug|Any CPU
		{8E7F888F-B0D6-47D2-986B-420767A447F3}.Ad-Hoc|ARM.ActiveCfg = Debug|Any CPU
		{8E7F888F-B0D6-47D2-986B-420767A447F3}.Ad-Hoc|ARM.Build.0 = Debug|Any CPU
		{8E7F888F-B0D6-47D2-986B-420767A447F3}.Ad-Hoc|ARM.Deploy.0 = Debug|Any CPU
		{8E7F888F-B0D6-47D2-986B-420767A447F3}.Ad-Hoc|ARM64.ActiveCfg = Debug|Any CPU
		{8E7F888F-B0D6-47D2-986B-420767A447F3}.Ad-Hoc|ARM64.Build.0 = Debug|Any CPU
		{8E7F888F-B0D6-47D2-986B-420767A447F3}.Ad-Hoc|ARM64.Deploy.0 = Debug|Any CPU
		{8E7F888F-B0D6-47D2-986B-420767A447F3}.Ad-Hoc|iPhone.ActiveCfg = Debug|Any CPU
		{8E7F888F-B0D6-47D2-986B-420767A447F3}.Ad-Hoc|iPhone.Build.0 = Debug|Any CPU
		{8E7F888F-B0D6-47D2-986B-420767A447F3}.Ad-Hoc|iPhone.Deploy.0 = Debug|Any CPU
		{8E7F888F-B0D6-47D2-986B-420767A447F3}.Ad-Hoc|iPhoneSimulator.ActiveCfg = Debug|Any CPU
		{8E7F888F-B0D6-47D2-986B-420767A447F3}.Ad-Hoc|iPhoneSimulator.Build.0 = Debug|Any CPU
		{8E7F888F-B0D6-47D2-986B-420767A447F3}.Ad-Hoc|iPhoneSimulator.Deploy.0 = Debug|Any CPU
		{8E7F888F-B0D6-47D2-986B-420767A447F3}.Ad-Hoc|x64.ActiveCfg = Debug|Any CPU
		{8E7F888F-B0D6-47D2-986B-420767A447F3}.Ad-Hoc|x64.Build.0 = Debug|Any CPU
		{8E7F888F-B0D6-47D2-986B-420767A447F3}.Ad-Hoc|x64.Deploy.0 = Debug|Any CPU
		{8E7F888F-B0D6-47D2-986B-420767A447F3}.Ad-Hoc|x86.ActiveCfg = Debug|Any CPU
		{8E7F888F-B0D6-47D2-986B-420767A447F3}.Ad-Hoc|x86.Build.0 = Debug|Any CPU
		{8E7F888F-B0D6-47D2-986B-420767A447F3}.Ad-Hoc|x86.Deploy.0 = Debug|Any CPU
		{8E7F888F-B0D6-47D2-986B-420767A447F3}.AppStore|Any CPU.ActiveCfg = Debug|Any CPU
		{8E7F888F-B0D6-47D2-986B-420767A447F3}.AppStore|Any CPU.Build.0 = Debug|Any CPU
		{8E7F888F-B0D6-47D2-986B-420767A447F3}.AppStore|Any CPU.Deploy.0 = Debug|Any CPU
		{8E7F888F-B0D6-47D2-986B-420767A447F3}.AppStore|ARM.ActiveCfg = Debug|Any CPU
		{8E7F888F-B0D6-47D2-986B-420767A447F3}.AppStore|ARM.Build.0 = Debug|Any CPU
		{8E7F888F-B0D6-47D2-986B-420767A447F3}.AppStore|ARM.Deploy.0 = Debug|Any CPU
		{8E7F888F-B0D6-47D2-986B-420767A447F3}.AppStore|ARM64.ActiveCfg = Debug|Any CPU
		{8E7F888F-B0D6-47D2-986B-420767A447F3}.AppStore|ARM64.Build.0 = Debug|Any CPU
		{8E7F888F-B0D6-47D2-986B-420767A447F3}.AppStore|ARM64.Deploy.0 = Debug|Any CPU
		{8E7F888F-B0D6-47D2-986B-420767A447F3}.AppStore|iPhone.ActiveCfg = Debug|Any CPU
		{8E7F888F-B0D6-47D2-986B-420767A447F3}.AppStore|iPhone.Build.0 = Debug|Any CPU
		{8E7F888F-B0D6-47D2-986B-420767A447F3}.AppStore|iPhone.Deploy.0 = Debug|Any CPU
		{8E7F888F-B0D6-47D2-986B-420767A447F3}.AppStore|iPhoneSimulator.ActiveCfg = Debug|Any CPU
		{8E7F888F-B0D6-47D2-986B-420767A447F3}.AppStore|iPhoneSimulator.Build.0 = Debug|Any CPU
		{8E7F888F-B0D6-47D2-986B-420767A447F3}.AppStore|iPhoneSimulator.Deploy.0 = Debug|Any CPU
		{8E7F888F-B0D6-47D2-986B-420767A447F3}.AppStore|x64.ActiveCfg = Debug|Any CPU
		{8E7F888F-B0D6-47D2-986B-420767A447F3}.AppStore|x64.Build.0 = Debug|Any CPU
		{8E7F888F-B0D6-47D2-986B-420767A447F3}.AppStore|x64.Deploy.0 = Debug|Any CPU
		{8E7F888F-B0D6-47D2-986B-420767A447F3}.AppStore|x86.ActiveCfg = Debug|Any CPU
		{8E7F888F-B0D6-47D2-986B-420767A447F3}.AppStore|x86.Build.0 = Debug|Any CPU
		{8E7F888F-B0D6-47D2-986B-420767A447F3}.AppStore|x86.Deploy.0 = Debug|Any CPU
		{8E7F888F-B0D6-47D2-986B-420767A447F3}.Debug|Any CPU.ActiveCfg = Debug|Any CPU
		{8E7F888F-B0D6-47D2-986B-420767A447F3}.Debug|Any CPU.Build.0 = Debug|Any CPU
		{8E7F888F-B0D6-47D2-986B-420767A447F3}.Debug|Any CPU.Deploy.0 = Debug|Any CPU
		{8E7F888F-B0D6-47D2-986B-420767A447F3}.Debug|ARM.ActiveCfg = Debug|Any CPU
		{8E7F888F-B0D6-47D2-986B-420767A447F3}.Debug|ARM.Build.0 = Debug|Any CPU
		{8E7F888F-B0D6-47D2-986B-420767A447F3}.Debug|ARM.Deploy.0 = Debug|Any CPU
		{8E7F888F-B0D6-47D2-986B-420767A447F3}.Debug|ARM64.ActiveCfg = Debug|Any CPU
		{8E7F888F-B0D6-47D2-986B-420767A447F3}.Debug|ARM64.Build.0 = Debug|Any CPU
		{8E7F888F-B0D6-47D2-986B-420767A447F3}.Debug|ARM64.Deploy.0 = Debug|Any CPU
		{8E7F888F-B0D6-47D2-986B-420767A447F3}.Debug|iPhone.ActiveCfg = Debug|Any CPU
		{8E7F888F-B0D6-47D2-986B-420767A447F3}.Debug|iPhone.Build.0 = Debug|Any CPU
		{8E7F888F-B0D6-47D2-986B-420767A447F3}.Debug|iPhone.Deploy.0 = Debug|Any CPU
		{8E7F888F-B0D6-47D2-986B-420767A447F3}.Debug|iPhoneSimulator.ActiveCfg = Debug|Any CPU
		{8E7F888F-B0D6-47D2-986B-420767A447F3}.Debug|iPhoneSimulator.Build.0 = Debug|Any CPU
		{8E7F888F-B0D6-47D2-986B-420767A447F3}.Debug|iPhoneSimulator.Deploy.0 = Debug|Any CPU
		{8E7F888F-B0D6-47D2-986B-420767A447F3}.Debug|x64.ActiveCfg = Debug|Any CPU
		{8E7F888F-B0D6-47D2-986B-420767A447F3}.Debug|x64.Build.0 = Debug|Any CPU
		{8E7F888F-B0D6-47D2-986B-420767A447F3}.Debug|x64.Deploy.0 = Debug|Any CPU
		{8E7F888F-B0D6-47D2-986B-420767A447F3}.Debug|x86.ActiveCfg = Debug|Any CPU
		{8E7F888F-B0D6-47D2-986B-420767A447F3}.Debug|x86.Build.0 = Debug|Any CPU
		{8E7F888F-B0D6-47D2-986B-420767A447F3}.Debug|x86.Deploy.0 = Debug|Any CPU
		{8E7F888F-B0D6-47D2-986B-420767A447F3}.Release|Any CPU.ActiveCfg = Release|Any CPU
		{8E7F888F-B0D6-47D2-986B-420767A447F3}.Release|Any CPU.Build.0 = Release|Any CPU
		{8E7F888F-B0D6-47D2-986B-420767A447F3}.Release|Any CPU.Deploy.0 = Release|Any CPU
		{8E7F888F-B0D6-47D2-986B-420767A447F3}.Release|ARM.ActiveCfg = Release|Any CPU
		{8E7F888F-B0D6-47D2-986B-420767A447F3}.Release|ARM.Build.0 = Release|Any CPU
		{8E7F888F-B0D6-47D2-986B-420767A447F3}.Release|ARM.Deploy.0 = Release|Any CPU
		{8E7F888F-B0D6-47D2-986B-420767A447F3}.Release|ARM64.ActiveCfg = Release|Any CPU
		{8E7F888F-B0D6-47D2-986B-420767A447F3}.Release|ARM64.Build.0 = Release|Any CPU
		{8E7F888F-B0D6-47D2-986B-420767A447F3}.Release|ARM64.Deploy.0 = Release|Any CPU
		{8E7F888F-B0D6-47D2-986B-420767A447F3}.Release|iPhone.ActiveCfg = Release|Any CPU
		{8E7F888F-B0D6-47D2-986B-420767A447F3}.Release|iPhone.Build.0 = Release|Any CPU
		{8E7F888F-B0D6-47D2-986B-420767A447F3}.Release|iPhone.Deploy.0 = Release|Any CPU
		{8E7F888F-B0D6-47D2-986B-420767A447F3}.Release|iPhoneSimulator.ActiveCfg = Release|Any CPU
		{8E7F888F-B0D6-47D2-986B-420767A447F3}.Release|iPhoneSimulator.Build.0 = Release|Any CPU
		{8E7F888F-B0D6-47D2-986B-420767A447F3}.Release|iPhoneSimulator.Deploy.0 = Release|Any CPU
		{8E7F888F-B0D6-47D2-986B-420767A447F3}.Release|x64.ActiveCfg = Release|Any CPU
		{8E7F888F-B0D6-47D2-986B-420767A447F3}.Release|x64.Build.0 = Release|Any CPU
		{8E7F888F-B0D6-47D2-986B-420767A447F3}.Release|x64.Deploy.0 = Release|Any CPU
		{8E7F888F-B0D6-47D2-986B-420767A447F3}.Release|x86.ActiveCfg = Release|Any CPU
		{8E7F888F-B0D6-47D2-986B-420767A447F3}.Release|x86.Build.0 = Release|Any CPU
		{8E7F888F-B0D6-47D2-986B-420767A447F3}.Release|x86.Deploy.0 = Release|Any CPU
		{6D26AFB7-5886-4379-9B7E-BB7DBD283205}.Ad-Hoc|Any CPU.ActiveCfg = Ad-Hoc|iPhoneSimulator
		{6D26AFB7-5886-4379-9B7E-BB7DBD283205}.Ad-Hoc|ARM.ActiveCfg = Ad-Hoc|iPhoneSimulator
		{6D26AFB7-5886-4379-9B7E-BB7DBD283205}.Ad-Hoc|ARM64.ActiveCfg = Ad-Hoc|iPhoneSimulator
		{6D26AFB7-5886-4379-9B7E-BB7DBD283205}.Ad-Hoc|iPhone.ActiveCfg = Ad-Hoc|iPhone
		{6D26AFB7-5886-4379-9B7E-BB7DBD283205}.Ad-Hoc|iPhone.Build.0 = Ad-Hoc|iPhone
		{6D26AFB7-5886-4379-9B7E-BB7DBD283205}.Ad-Hoc|iPhoneSimulator.ActiveCfg = Ad-Hoc|iPhoneSimulator
		{6D26AFB7-5886-4379-9B7E-BB7DBD283205}.Ad-Hoc|iPhoneSimulator.Build.0 = Ad-Hoc|iPhoneSimulator
		{6D26AFB7-5886-4379-9B7E-BB7DBD283205}.Ad-Hoc|x64.ActiveCfg = Ad-Hoc|iPhoneSimulator
		{6D26AFB7-5886-4379-9B7E-BB7DBD283205}.Ad-Hoc|x86.ActiveCfg = Ad-Hoc|iPhoneSimulator
		{6D26AFB7-5886-4379-9B7E-BB7DBD283205}.AppStore|Any CPU.ActiveCfg = AppStore|iPhoneSimulator
		{6D26AFB7-5886-4379-9B7E-BB7DBD283205}.AppStore|ARM.ActiveCfg = AppStore|iPhoneSimulator
		{6D26AFB7-5886-4379-9B7E-BB7DBD283205}.AppStore|ARM64.ActiveCfg = AppStore|iPhoneSimulator
		{6D26AFB7-5886-4379-9B7E-BB7DBD283205}.AppStore|iPhone.ActiveCfg = AppStore|iPhone
		{6D26AFB7-5886-4379-9B7E-BB7DBD283205}.AppStore|iPhone.Build.0 = AppStore|iPhone
		{6D26AFB7-5886-4379-9B7E-BB7DBD283205}.AppStore|iPhoneSimulator.ActiveCfg = AppStore|iPhoneSimulator
		{6D26AFB7-5886-4379-9B7E-BB7DBD283205}.AppStore|iPhoneSimulator.Build.0 = AppStore|iPhoneSimulator
		{6D26AFB7-5886-4379-9B7E-BB7DBD283205}.AppStore|x64.ActiveCfg = AppStore|iPhoneSimulator
		{6D26AFB7-5886-4379-9B7E-BB7DBD283205}.AppStore|x86.ActiveCfg = AppStore|iPhoneSimulator
		{6D26AFB7-5886-4379-9B7E-BB7DBD283205}.Debug|Any CPU.ActiveCfg = Debug|iPhoneSimulator
		{6D26AFB7-5886-4379-9B7E-BB7DBD283205}.Debug|ARM.ActiveCfg = Debug|iPhoneSimulator
		{6D26AFB7-5886-4379-9B7E-BB7DBD283205}.Debug|ARM64.ActiveCfg = Debug|iPhoneSimulator
		{6D26AFB7-5886-4379-9B7E-BB7DBD283205}.Debug|iPhone.ActiveCfg = Debug|iPhone
		{6D26AFB7-5886-4379-9B7E-BB7DBD283205}.Debug|iPhone.Build.0 = Debug|iPhone
		{6D26AFB7-5886-4379-9B7E-BB7DBD283205}.Debug|iPhoneSimulator.ActiveCfg = Debug|iPhoneSimulator
		{6D26AFB7-5886-4379-9B7E-BB7DBD283205}.Debug|iPhoneSimulator.Build.0 = Debug|iPhoneSimulator
		{6D26AFB7-5886-4379-9B7E-BB7DBD283205}.Debug|x64.ActiveCfg = Debug|iPhoneSimulator
		{6D26AFB7-5886-4379-9B7E-BB7DBD283205}.Debug|x86.ActiveCfg = Debug|iPhoneSimulator
		{6D26AFB7-5886-4379-9B7E-BB7DBD283205}.Release|Any CPU.ActiveCfg = Release|iPhoneSimulator
		{6D26AFB7-5886-4379-9B7E-BB7DBD283205}.Release|ARM.ActiveCfg = Release|iPhoneSimulator
		{6D26AFB7-5886-4379-9B7E-BB7DBD283205}.Release|ARM64.ActiveCfg = Release|iPhoneSimulator
		{6D26AFB7-5886-4379-9B7E-BB7DBD283205}.Release|iPhone.ActiveCfg = Release|iPhone
		{6D26AFB7-5886-4379-9B7E-BB7DBD283205}.Release|iPhone.Build.0 = Release|iPhone
		{6D26AFB7-5886-4379-9B7E-BB7DBD283205}.Release|iPhoneSimulator.ActiveCfg = Release|iPhoneSimulator
		{6D26AFB7-5886-4379-9B7E-BB7DBD283205}.Release|iPhoneSimulator.Build.0 = Release|iPhoneSimulator
		{6D26AFB7-5886-4379-9B7E-BB7DBD283205}.Release|x64.ActiveCfg = Release|iPhoneSimulator
		{6D26AFB7-5886-4379-9B7E-BB7DBD283205}.Release|x86.ActiveCfg = Release|iPhoneSimulator
		{3F40E190-C776-454D-9D0B-10817BD832D4}.Ad-Hoc|Any CPU.ActiveCfg = Debug|x86
		{3F40E190-C776-454D-9D0B-10817BD832D4}.Ad-Hoc|Any CPU.Build.0 = Debug|x86
		{3F40E190-C776-454D-9D0B-10817BD832D4}.Ad-Hoc|Any CPU.Deploy.0 = Debug|x86
		{3F40E190-C776-454D-9D0B-10817BD832D4}.Ad-Hoc|ARM.ActiveCfg = Debug|ARM
		{3F40E190-C776-454D-9D0B-10817BD832D4}.Ad-Hoc|ARM.Build.0 = Debug|ARM
		{3F40E190-C776-454D-9D0B-10817BD832D4}.Ad-Hoc|ARM.Deploy.0 = Debug|ARM
		{3F40E190-C776-454D-9D0B-10817BD832D4}.Ad-Hoc|ARM64.ActiveCfg = Debug|ARM64
		{3F40E190-C776-454D-9D0B-10817BD832D4}.Ad-Hoc|ARM64.Build.0 = Debug|ARM64
		{3F40E190-C776-454D-9D0B-10817BD832D4}.Ad-Hoc|ARM64.Deploy.0 = Debug|ARM64
		{3F40E190-C776-454D-9D0B-10817BD832D4}.Ad-Hoc|iPhone.ActiveCfg = Debug|x86
		{3F40E190-C776-454D-9D0B-10817BD832D4}.Ad-Hoc|iPhone.Build.0 = Debug|x86
		{3F40E190-C776-454D-9D0B-10817BD832D4}.Ad-Hoc|iPhone.Deploy.0 = Debug|x86
		{3F40E190-C776-454D-9D0B-10817BD832D4}.Ad-Hoc|iPhoneSimulator.ActiveCfg = Debug|x86
		{3F40E190-C776-454D-9D0B-10817BD832D4}.Ad-Hoc|iPhoneSimulator.Build.0 = Debug|x86
		{3F40E190-C776-454D-9D0B-10817BD832D4}.Ad-Hoc|iPhoneSimulator.Deploy.0 = Debug|x86
		{3F40E190-C776-454D-9D0B-10817BD832D4}.Ad-Hoc|x64.ActiveCfg = Debug|x64
		{3F40E190-C776-454D-9D0B-10817BD832D4}.Ad-Hoc|x64.Build.0 = Debug|x64
		{3F40E190-C776-454D-9D0B-10817BD832D4}.Ad-Hoc|x64.Deploy.0 = Debug|x64
		{3F40E190-C776-454D-9D0B-10817BD832D4}.Ad-Hoc|x86.ActiveCfg = Debug|x86
		{3F40E190-C776-454D-9D0B-10817BD832D4}.Ad-Hoc|x86.Build.0 = Debug|x86
		{3F40E190-C776-454D-9D0B-10817BD832D4}.Ad-Hoc|x86.Deploy.0 = Debug|x86
		{3F40E190-C776-454D-9D0B-10817BD832D4}.AppStore|Any CPU.ActiveCfg = Debug|x86
		{3F40E190-C776-454D-9D0B-10817BD832D4}.AppStore|Any CPU.Build.0 = Debug|x86
		{3F40E190-C776-454D-9D0B-10817BD832D4}.AppStore|Any CPU.Deploy.0 = Debug|x86
		{3F40E190-C776-454D-9D0B-10817BD832D4}.AppStore|ARM.ActiveCfg = Debug|ARM
		{3F40E190-C776-454D-9D0B-10817BD832D4}.AppStore|ARM.Build.0 = Debug|ARM
		{3F40E190-C776-454D-9D0B-10817BD832D4}.AppStore|ARM.Deploy.0 = Debug|ARM
		{3F40E190-C776-454D-9D0B-10817BD832D4}.AppStore|ARM64.ActiveCfg = Debug|ARM64
		{3F40E190-C776-454D-9D0B-10817BD832D4}.AppStore|ARM64.Build.0 = Debug|ARM64
		{3F40E190-C776-454D-9D0B-10817BD832D4}.AppStore|ARM64.Deploy.0 = Debug|ARM64
		{3F40E190-C776-454D-9D0B-10817BD832D4}.AppStore|iPhone.ActiveCfg = Debug|x86
		{3F40E190-C776-454D-9D0B-10817BD832D4}.AppStore|iPhone.Build.0 = Debug|x86
		{3F40E190-C776-454D-9D0B-10817BD832D4}.AppStore|iPhone.Deploy.0 = Debug|x86
		{3F40E190-C776-454D-9D0B-10817BD832D4}.AppStore|iPhoneSimulator.ActiveCfg = Debug|x86
		{3F40E190-C776-454D-9D0B-10817BD832D4}.AppStore|iPhoneSimulator.Build.0 = Debug|x86
		{3F40E190-C776-454D-9D0B-10817BD832D4}.AppStore|iPhoneSimulator.Deploy.0 = Debug|x86
		{3F40E190-C776-454D-9D0B-10817BD832D4}.AppStore|x64.ActiveCfg = Debug|x64
		{3F40E190-C776-454D-9D0B-10817BD832D4}.AppStore|x64.Build.0 = Debug|x64
		{3F40E190-C776-454D-9D0B-10817BD832D4}.AppStore|x64.Deploy.0 = Debug|x64
		{3F40E190-C776-454D-9D0B-10817BD832D4}.AppStore|x86.ActiveCfg = Debug|x86
		{3F40E190-C776-454D-9D0B-10817BD832D4}.AppStore|x86.Build.0 = Debug|x86
		{3F40E190-C776-454D-9D0B-10817BD832D4}.AppStore|x86.Deploy.0 = Debug|x86
		{3F40E190-C776-454D-9D0B-10817BD832D4}.Debug|Any CPU.ActiveCfg = Debug|x86
		{3F40E190-C776-454D-9D0B-10817BD832D4}.Debug|Any CPU.Build.0 = Debug|x86
		{3F40E190-C776-454D-9D0B-10817BD832D4}.Debug|Any CPU.Deploy.0 = Debug|x86
		{3F40E190-C776-454D-9D0B-10817BD832D4}.Debug|ARM.ActiveCfg = Debug|ARM
		{3F40E190-C776-454D-9D0B-10817BD832D4}.Debug|ARM.Build.0 = Debug|ARM
		{3F40E190-C776-454D-9D0B-10817BD832D4}.Debug|ARM.Deploy.0 = Debug|ARM
		{3F40E190-C776-454D-9D0B-10817BD832D4}.Debug|ARM64.ActiveCfg = Debug|ARM64
		{3F40E190-C776-454D-9D0B-10817BD832D4}.Debug|ARM64.Build.0 = Debug|ARM64
		{3F40E190-C776-454D-9D0B-10817BD832D4}.Debug|ARM64.Deploy.0 = Debug|ARM64
		{3F40E190-C776-454D-9D0B-10817BD832D4}.Debug|iPhone.ActiveCfg = Debug|x86
		{3F40E190-C776-454D-9D0B-10817BD832D4}.Debug|iPhoneSimulator.ActiveCfg = Debug|x86
		{3F40E190-C776-454D-9D0B-10817BD832D4}.Debug|x64.ActiveCfg = Debug|x64
		{3F40E190-C776-454D-9D0B-10817BD832D4}.Debug|x64.Build.0 = Debug|x64
		{3F40E190-C776-454D-9D0B-10817BD832D4}.Debug|x64.Deploy.0 = Debug|x64
		{3F40E190-C776-454D-9D0B-10817BD832D4}.Debug|x86.ActiveCfg = Debug|x86
		{3F40E190-C776-454D-9D0B-10817BD832D4}.Debug|x86.Build.0 = Debug|x86
		{3F40E190-C776-454D-9D0B-10817BD832D4}.Debug|x86.Deploy.0 = Debug|x86
		{3F40E190-C776-454D-9D0B-10817BD832D4}.Release|Any CPU.ActiveCfg = Release|x86
		{3F40E190-C776-454D-9D0B-10817BD832D4}.Release|ARM.ActiveCfg = Release|ARM
		{3F40E190-C776-454D-9D0B-10817BD832D4}.Release|ARM.Build.0 = Release|ARM
		{3F40E190-C776-454D-9D0B-10817BD832D4}.Release|ARM.Deploy.0 = Release|ARM
		{3F40E190-C776-454D-9D0B-10817BD832D4}.Release|ARM64.ActiveCfg = Release|ARM64
		{3F40E190-C776-454D-9D0B-10817BD832D4}.Release|ARM64.Build.0 = Release|ARM64
		{3F40E190-C776-454D-9D0B-10817BD832D4}.Release|ARM64.Deploy.0 = Release|ARM64
		{3F40E190-C776-454D-9D0B-10817BD832D4}.Release|iPhone.ActiveCfg = Release|x86
		{3F40E190-C776-454D-9D0B-10817BD832D4}.Release|iPhoneSimulator.ActiveCfg = Release|x86
		{3F40E190-C776-454D-9D0B-10817BD832D4}.Release|x64.ActiveCfg = Release|x64
		{3F40E190-C776-454D-9D0B-10817BD832D4}.Release|x64.Build.0 = Release|x64
		{3F40E190-C776-454D-9D0B-10817BD832D4}.Release|x64.Deploy.0 = Release|x64
		{3F40E190-C776-454D-9D0B-10817BD832D4}.Release|x86.ActiveCfg = Release|x86
		{3F40E190-C776-454D-9D0B-10817BD832D4}.Release|x86.Build.0 = Release|x86
		{3F40E190-C776-454D-9D0B-10817BD832D4}.Release|x86.Deploy.0 = Release|x86
		{4FCAF9AA-79E8-4F05-8B5D-4141351FCFBE}.Ad-Hoc|Any CPU.ActiveCfg = Debug|Any CPU
		{4FCAF9AA-79E8-4F05-8B5D-4141351FCFBE}.Ad-Hoc|Any CPU.Build.0 = Debug|Any CPU
		{4FCAF9AA-79E8-4F05-8B5D-4141351FCFBE}.Ad-Hoc|ARM.ActiveCfg = Debug|Any CPU
		{4FCAF9AA-79E8-4F05-8B5D-4141351FCFBE}.Ad-Hoc|ARM.Build.0 = Debug|Any CPU
		{4FCAF9AA-79E8-4F05-8B5D-4141351FCFBE}.Ad-Hoc|ARM64.ActiveCfg = Debug|Any CPU
		{4FCAF9AA-79E8-4F05-8B5D-4141351FCFBE}.Ad-Hoc|ARM64.Build.0 = Debug|Any CPU
		{4FCAF9AA-79E8-4F05-8B5D-4141351FCFBE}.Ad-Hoc|iPhone.ActiveCfg = Debug|Any CPU
		{4FCAF9AA-79E8-4F05-8B5D-4141351FCFBE}.Ad-Hoc|iPhone.Build.0 = Debug|Any CPU
		{4FCAF9AA-79E8-4F05-8B5D-4141351FCFBE}.Ad-Hoc|iPhoneSimulator.ActiveCfg = Debug|Any CPU
		{4FCAF9AA-79E8-4F05-8B5D-4141351FCFBE}.Ad-Hoc|iPhoneSimulator.Build.0 = Debug|Any CPU
		{4FCAF9AA-79E8-4F05-8B5D-4141351FCFBE}.Ad-Hoc|x64.ActiveCfg = Debug|Any CPU
		{4FCAF9AA-79E8-4F05-8B5D-4141351FCFBE}.Ad-Hoc|x64.Build.0 = Debug|Any CPU
		{4FCAF9AA-79E8-4F05-8B5D-4141351FCFBE}.Ad-Hoc|x86.ActiveCfg = Debug|Any CPU
		{4FCAF9AA-79E8-4F05-8B5D-4141351FCFBE}.Ad-Hoc|x86.Build.0 = Debug|Any CPU
		{4FCAF9AA-79E8-4F05-8B5D-4141351FCFBE}.AppStore|Any CPU.ActiveCfg = Debug|Any CPU
		{4FCAF9AA-79E8-4F05-8B5D-4141351FCFBE}.AppStore|Any CPU.Build.0 = Debug|Any CPU
		{4FCAF9AA-79E8-4F05-8B5D-4141351FCFBE}.AppStore|ARM.ActiveCfg = Debug|Any CPU
		{4FCAF9AA-79E8-4F05-8B5D-4141351FCFBE}.AppStore|ARM.Build.0 = Debug|Any CPU
		{4FCAF9AA-79E8-4F05-8B5D-4141351FCFBE}.AppStore|ARM64.ActiveCfg = Debug|Any CPU
		{4FCAF9AA-79E8-4F05-8B5D-4141351FCFBE}.AppStore|ARM64.Build.0 = Debug|Any CPU
		{4FCAF9AA-79E8-4F05-8B5D-4141351FCFBE}.AppStore|iPhone.ActiveCfg = Debug|Any CPU
		{4FCAF9AA-79E8-4F05-8B5D-4141351FCFBE}.AppStore|iPhone.Build.0 = Debug|Any CPU
		{4FCAF9AA-79E8-4F05-8B5D-4141351FCFBE}.AppStore|iPhoneSimulator.ActiveCfg = Debug|Any CPU
		{4FCAF9AA-79E8-4F05-8B5D-4141351FCFBE}.AppStore|iPhoneSimulator.Build.0 = Debug|Any CPU
		{4FCAF9AA-79E8-4F05-8B5D-4141351FCFBE}.AppStore|x64.ActiveCfg = Debug|Any CPU
		{4FCAF9AA-79E8-4F05-8B5D-4141351FCFBE}.AppStore|x64.Build.0 = Debug|Any CPU
		{4FCAF9AA-79E8-4F05-8B5D-4141351FCFBE}.AppStore|x86.ActiveCfg = Debug|Any CPU
		{4FCAF9AA-79E8-4F05-8B5D-4141351FCFBE}.AppStore|x86.Build.0 = Debug|Any CPU
		{4FCAF9AA-79E8-4F05-8B5D-4141351FCFBE}.Debug|Any CPU.ActiveCfg = Debug|Any CPU
		{4FCAF9AA-79E8-4F05-8B5D-4141351FCFBE}.Debug|Any CPU.Build.0 = Debug|Any CPU
		{4FCAF9AA-79E8-4F05-8B5D-4141351FCFBE}.Debug|ARM.ActiveCfg = Debug|Any CPU
		{4FCAF9AA-79E8-4F05-8B5D-4141351FCFBE}.Debug|ARM.Build.0 = Debug|Any CPU
		{4FCAF9AA-79E8-4F05-8B5D-4141351FCFBE}.Debug|ARM64.ActiveCfg = Debug|Any CPU
		{4FCAF9AA-79E8-4F05-8B5D-4141351FCFBE}.Debug|ARM64.Build.0 = Debug|Any CPU
		{4FCAF9AA-79E8-4F05-8B5D-4141351FCFBE}.Debug|iPhone.ActiveCfg = Debug|Any CPU
		{4FCAF9AA-79E8-4F05-8B5D-4141351FCFBE}.Debug|iPhone.Build.0 = Debug|Any CPU
		{4FCAF9AA-79E8-4F05-8B5D-4141351FCFBE}.Debug|iPhoneSimulator.ActiveCfg = Debug|Any CPU
		{4FCAF9AA-79E8-4F05-8B5D-4141351FCFBE}.Debug|iPhoneSimulator.Build.0 = Debug|Any CPU
		{4FCAF9AA-79E8-4F05-8B5D-4141351FCFBE}.Debug|x64.ActiveCfg = Debug|Any CPU
		{4FCAF9AA-79E8-4F05-8B5D-4141351FCFBE}.Debug|x64.Build.0 = Debug|Any CPU
		{4FCAF9AA-79E8-4F05-8B5D-4141351FCFBE}.Debug|x86.ActiveCfg = Debug|Any CPU
		{4FCAF9AA-79E8-4F05-8B5D-4141351FCFBE}.Debug|x86.Build.0 = Debug|Any CPU
		{4FCAF9AA-79E8-4F05-8B5D-4141351FCFBE}.Release|Any CPU.ActiveCfg = Release|Any CPU
		{4FCAF9AA-79E8-4F05-8B5D-4141351FCFBE}.Release|Any CPU.Build.0 = Release|Any CPU
		{4FCAF9AA-79E8-4F05-8B5D-4141351FCFBE}.Release|ARM.ActiveCfg = Release|Any CPU
		{4FCAF9AA-79E8-4F05-8B5D-4141351FCFBE}.Release|ARM.Build.0 = Release|Any CPU
		{4FCAF9AA-79E8-4F05-8B5D-4141351FCFBE}.Release|ARM64.ActiveCfg = Release|Any CPU
		{4FCAF9AA-79E8-4F05-8B5D-4141351FCFBE}.Release|ARM64.Build.0 = Release|Any CPU
		{4FCAF9AA-79E8-4F05-8B5D-4141351FCFBE}.Release|iPhone.ActiveCfg = Release|Any CPU
		{4FCAF9AA-79E8-4F05-8B5D-4141351FCFBE}.Release|iPhone.Build.0 = Release|Any CPU
		{4FCAF9AA-79E8-4F05-8B5D-4141351FCFBE}.Release|iPhoneSimulator.ActiveCfg = Release|Any CPU
		{4FCAF9AA-79E8-4F05-8B5D-4141351FCFBE}.Release|iPhoneSimulator.Build.0 = Release|Any CPU
		{4FCAF9AA-79E8-4F05-8B5D-4141351FCFBE}.Release|x64.ActiveCfg = Release|Any CPU
		{4FCAF9AA-79E8-4F05-8B5D-4141351FCFBE}.Release|x64.Build.0 = Release|Any CPU
		{4FCAF9AA-79E8-4F05-8B5D-4141351FCFBE}.Release|x86.ActiveCfg = Release|Any CPU
		{4FCAF9AA-79E8-4F05-8B5D-4141351FCFBE}.Release|x86.Build.0 = Release|Any CPU
		{4486FCDA-33E5-44B2-A7FA-3ABA2C494A0A}.Ad-Hoc|Any CPU.ActiveCfg = Debug|iPhoneSimulator
		{4486FCDA-33E5-44B2-A7FA-3ABA2C494A0A}.Ad-Hoc|Any CPU.Build.0 = Debug|iPhoneSimulator
		{4486FCDA-33E5-44B2-A7FA-3ABA2C494A0A}.Ad-Hoc|ARM.ActiveCfg = Debug|iPhoneSimulator
		{4486FCDA-33E5-44B2-A7FA-3ABA2C494A0A}.Ad-Hoc|ARM.Build.0 = Debug|iPhoneSimulator
		{4486FCDA-33E5-44B2-A7FA-3ABA2C494A0A}.Ad-Hoc|ARM64.ActiveCfg = Debug|iPhoneSimulator
		{4486FCDA-33E5-44B2-A7FA-3ABA2C494A0A}.Ad-Hoc|ARM64.Build.0 = Debug|iPhoneSimulator
		{4486FCDA-33E5-44B2-A7FA-3ABA2C494A0A}.Ad-Hoc|iPhone.ActiveCfg = Debug|iPhoneSimulator
		{4486FCDA-33E5-44B2-A7FA-3ABA2C494A0A}.Ad-Hoc|iPhone.Build.0 = Debug|iPhoneSimulator
		{4486FCDA-33E5-44B2-A7FA-3ABA2C494A0A}.Ad-Hoc|iPhoneSimulator.ActiveCfg = Debug|iPhoneSimulator
		{4486FCDA-33E5-44B2-A7FA-3ABA2C494A0A}.Ad-Hoc|iPhoneSimulator.Build.0 = Debug|iPhoneSimulator
		{4486FCDA-33E5-44B2-A7FA-3ABA2C494A0A}.Ad-Hoc|x64.ActiveCfg = Debug|iPhoneSimulator
		{4486FCDA-33E5-44B2-A7FA-3ABA2C494A0A}.Ad-Hoc|x64.Build.0 = Debug|iPhoneSimulator
		{4486FCDA-33E5-44B2-A7FA-3ABA2C494A0A}.Ad-Hoc|x86.ActiveCfg = Debug|iPhoneSimulator
		{4486FCDA-33E5-44B2-A7FA-3ABA2C494A0A}.Ad-Hoc|x86.Build.0 = Debug|iPhoneSimulator
		{4486FCDA-33E5-44B2-A7FA-3ABA2C494A0A}.AppStore|Any CPU.ActiveCfg = Debug|iPhoneSimulator
		{4486FCDA-33E5-44B2-A7FA-3ABA2C494A0A}.AppStore|Any CPU.Build.0 = Debug|iPhoneSimulator
		{4486FCDA-33E5-44B2-A7FA-3ABA2C494A0A}.AppStore|ARM.ActiveCfg = Debug|iPhoneSimulator
		{4486FCDA-33E5-44B2-A7FA-3ABA2C494A0A}.AppStore|ARM.Build.0 = Debug|iPhoneSimulator
		{4486FCDA-33E5-44B2-A7FA-3ABA2C494A0A}.AppStore|ARM64.ActiveCfg = Debug|iPhoneSimulator
		{4486FCDA-33E5-44B2-A7FA-3ABA2C494A0A}.AppStore|ARM64.Build.0 = Debug|iPhoneSimulator
		{4486FCDA-33E5-44B2-A7FA-3ABA2C494A0A}.AppStore|iPhone.ActiveCfg = Debug|iPhoneSimulator
		{4486FCDA-33E5-44B2-A7FA-3ABA2C494A0A}.AppStore|iPhone.Build.0 = Debug|iPhoneSimulator
		{4486FCDA-33E5-44B2-A7FA-3ABA2C494A0A}.AppStore|iPhoneSimulator.ActiveCfg = Debug|iPhoneSimulator
		{4486FCDA-33E5-44B2-A7FA-3ABA2C494A0A}.AppStore|iPhoneSimulator.Build.0 = Debug|iPhoneSimulator
		{4486FCDA-33E5-44B2-A7FA-3ABA2C494A0A}.AppStore|x64.ActiveCfg = Debug|iPhoneSimulator
		{4486FCDA-33E5-44B2-A7FA-3ABA2C494A0A}.AppStore|x64.Build.0 = Debug|iPhoneSimulator
		{4486FCDA-33E5-44B2-A7FA-3ABA2C494A0A}.AppStore|x86.ActiveCfg = Debug|iPhoneSimulator
		{4486FCDA-33E5-44B2-A7FA-3ABA2C494A0A}.AppStore|x86.Build.0 = Debug|iPhoneSimulator
		{4486FCDA-33E5-44B2-A7FA-3ABA2C494A0A}.Debug|Any CPU.ActiveCfg = Debug|iPhoneSimulator
		{4486FCDA-33E5-44B2-A7FA-3ABA2C494A0A}.Debug|ARM.ActiveCfg = Debug|iPhoneSimulator
		{4486FCDA-33E5-44B2-A7FA-3ABA2C494A0A}.Debug|ARM64.ActiveCfg = Debug|iPhoneSimulator
		{4486FCDA-33E5-44B2-A7FA-3ABA2C494A0A}.Debug|iPhone.ActiveCfg = Debug|iPhoneSimulator
		{4486FCDA-33E5-44B2-A7FA-3ABA2C494A0A}.Debug|iPhoneSimulator.ActiveCfg = Debug|iPhoneSimulator
		{4486FCDA-33E5-44B2-A7FA-3ABA2C494A0A}.Debug|iPhoneSimulator.Build.0 = Debug|iPhoneSimulator
		{4486FCDA-33E5-44B2-A7FA-3ABA2C494A0A}.Debug|x64.ActiveCfg = Debug|iPhoneSimulator
		{4486FCDA-33E5-44B2-A7FA-3ABA2C494A0A}.Debug|x86.ActiveCfg = Debug|iPhoneSimulator
		{4486FCDA-33E5-44B2-A7FA-3ABA2C494A0A}.Release|Any CPU.ActiveCfg = Release|iPhoneSimulator
		{4486FCDA-33E5-44B2-A7FA-3ABA2C494A0A}.Release|ARM.ActiveCfg = Release|iPhoneSimulator
		{4486FCDA-33E5-44B2-A7FA-3ABA2C494A0A}.Release|ARM64.ActiveCfg = Release|iPhoneSimulator
		{4486FCDA-33E5-44B2-A7FA-3ABA2C494A0A}.Release|iPhone.ActiveCfg = Release|iPhoneSimulator
		{4486FCDA-33E5-44B2-A7FA-3ABA2C494A0A}.Release|iPhoneSimulator.ActiveCfg = Release|iPhoneSimulator
		{4486FCDA-33E5-44B2-A7FA-3ABA2C494A0A}.Release|iPhoneSimulator.Build.0 = Release|iPhoneSimulator
		{4486FCDA-33E5-44B2-A7FA-3ABA2C494A0A}.Release|x64.ActiveCfg = Release|iPhoneSimulator
		{4486FCDA-33E5-44B2-A7FA-3ABA2C494A0A}.Release|x86.ActiveCfg = Release|iPhoneSimulator
		{FD88D1DB-530B-4423-9089-8D32C604AD6B}.Ad-Hoc|Any CPU.ActiveCfg = Debug|Any CPU
		{FD88D1DB-530B-4423-9089-8D32C604AD6B}.Ad-Hoc|Any CPU.Build.0 = Debug|Any CPU
		{FD88D1DB-530B-4423-9089-8D32C604AD6B}.Ad-Hoc|ARM.ActiveCfg = Debug|Any CPU
		{FD88D1DB-530B-4423-9089-8D32C604AD6B}.Ad-Hoc|ARM.Build.0 = Debug|Any CPU
		{FD88D1DB-530B-4423-9089-8D32C604AD6B}.Ad-Hoc|ARM64.ActiveCfg = Debug|Any CPU
		{FD88D1DB-530B-4423-9089-8D32C604AD6B}.Ad-Hoc|ARM64.Build.0 = Debug|Any CPU
		{FD88D1DB-530B-4423-9089-8D32C604AD6B}.Ad-Hoc|iPhone.ActiveCfg = Debug|Any CPU
		{FD88D1DB-530B-4423-9089-8D32C604AD6B}.Ad-Hoc|iPhone.Build.0 = Debug|Any CPU
		{FD88D1DB-530B-4423-9089-8D32C604AD6B}.Ad-Hoc|iPhoneSimulator.ActiveCfg = Debug|Any CPU
		{FD88D1DB-530B-4423-9089-8D32C604AD6B}.Ad-Hoc|iPhoneSimulator.Build.0 = Debug|Any CPU
		{FD88D1DB-530B-4423-9089-8D32C604AD6B}.Ad-Hoc|x64.ActiveCfg = Debug|Any CPU
		{FD88D1DB-530B-4423-9089-8D32C604AD6B}.Ad-Hoc|x64.Build.0 = Debug|Any CPU
		{FD88D1DB-530B-4423-9089-8D32C604AD6B}.Ad-Hoc|x86.ActiveCfg = Debug|Any CPU
		{FD88D1DB-530B-4423-9089-8D32C604AD6B}.Ad-Hoc|x86.Build.0 = Debug|Any CPU
		{FD88D1DB-530B-4423-9089-8D32C604AD6B}.AppStore|Any CPU.ActiveCfg = Debug|Any CPU
		{FD88D1DB-530B-4423-9089-8D32C604AD6B}.AppStore|Any CPU.Build.0 = Debug|Any CPU
		{FD88D1DB-530B-4423-9089-8D32C604AD6B}.AppStore|ARM.ActiveCfg = Debug|Any CPU
		{FD88D1DB-530B-4423-9089-8D32C604AD6B}.AppStore|ARM.Build.0 = Debug|Any CPU
		{FD88D1DB-530B-4423-9089-8D32C604AD6B}.AppStore|ARM64.ActiveCfg = Debug|Any CPU
		{FD88D1DB-530B-4423-9089-8D32C604AD6B}.AppStore|ARM64.Build.0 = Debug|Any CPU
		{FD88D1DB-530B-4423-9089-8D32C604AD6B}.AppStore|iPhone.ActiveCfg = Debug|Any CPU
		{FD88D1DB-530B-4423-9089-8D32C604AD6B}.AppStore|iPhone.Build.0 = Debug|Any CPU
		{FD88D1DB-530B-4423-9089-8D32C604AD6B}.AppStore|iPhoneSimulator.ActiveCfg = Debug|Any CPU
		{FD88D1DB-530B-4423-9089-8D32C604AD6B}.AppStore|iPhoneSimulator.Build.0 = Debug|Any CPU
		{FD88D1DB-530B-4423-9089-8D32C604AD6B}.AppStore|x64.ActiveCfg = Debug|Any CPU
		{FD88D1DB-530B-4423-9089-8D32C604AD6B}.AppStore|x64.Build.0 = Debug|Any CPU
		{FD88D1DB-530B-4423-9089-8D32C604AD6B}.AppStore|x86.ActiveCfg = Debug|Any CPU
		{FD88D1DB-530B-4423-9089-8D32C604AD6B}.AppStore|x86.Build.0 = Debug|Any CPU
		{FD88D1DB-530B-4423-9089-8D32C604AD6B}.Debug|Any CPU.ActiveCfg = Debug|Any CPU
		{FD88D1DB-530B-4423-9089-8D32C604AD6B}.Debug|Any CPU.Build.0 = Debug|Any CPU
		{FD88D1DB-530B-4423-9089-8D32C604AD6B}.Debug|ARM.ActiveCfg = Debug|Any CPU
		{FD88D1DB-530B-4423-9089-8D32C604AD6B}.Debug|ARM.Build.0 = Debug|Any CPU
		{FD88D1DB-530B-4423-9089-8D32C604AD6B}.Debug|ARM64.ActiveCfg = Debug|Any CPU
		{FD88D1DB-530B-4423-9089-8D32C604AD6B}.Debug|ARM64.Build.0 = Debug|Any CPU
		{FD88D1DB-530B-4423-9089-8D32C604AD6B}.Debug|iPhone.ActiveCfg = Debug|Any CPU
		{FD88D1DB-530B-4423-9089-8D32C604AD6B}.Debug|iPhone.Build.0 = Debug|Any CPU
		{FD88D1DB-530B-4423-9089-8D32C604AD6B}.Debug|iPhoneSimulator.ActiveCfg = Debug|Any CPU
		{FD88D1DB-530B-4423-9089-8D32C604AD6B}.Debug|iPhoneSimulator.Build.0 = Debug|Any CPU
		{FD88D1DB-530B-4423-9089-8D32C604AD6B}.Debug|x64.ActiveCfg = Debug|Any CPU
		{FD88D1DB-530B-4423-9089-8D32C604AD6B}.Debug|x64.Build.0 = Debug|Any CPU
		{FD88D1DB-530B-4423-9089-8D32C604AD6B}.Debug|x86.ActiveCfg = Debug|Any CPU
		{FD88D1DB-530B-4423-9089-8D32C604AD6B}.Debug|x86.Build.0 = Debug|Any CPU
		{FD88D1DB-530B-4423-9089-8D32C604AD6B}.Release|Any CPU.ActiveCfg = Release|Any CPU
		{FD88D1DB-530B-4423-9089-8D32C604AD6B}.Release|Any CPU.Build.0 = Release|Any CPU
		{FD88D1DB-530B-4423-9089-8D32C604AD6B}.Release|ARM.ActiveCfg = Release|Any CPU
		{FD88D1DB-530B-4423-9089-8D32C604AD6B}.Release|ARM.Build.0 = Release|Any CPU
		{FD88D1DB-530B-4423-9089-8D32C604AD6B}.Release|ARM64.ActiveCfg = Release|Any CPU
		{FD88D1DB-530B-4423-9089-8D32C604AD6B}.Release|ARM64.Build.0 = Release|Any CPU
		{FD88D1DB-530B-4423-9089-8D32C604AD6B}.Release|iPhone.ActiveCfg = Release|Any CPU
		{FD88D1DB-530B-4423-9089-8D32C604AD6B}.Release|iPhone.Build.0 = Release|Any CPU
		{FD88D1DB-530B-4423-9089-8D32C604AD6B}.Release|iPhoneSimulator.ActiveCfg = Release|Any CPU
		{FD88D1DB-530B-4423-9089-8D32C604AD6B}.Release|iPhoneSimulator.Build.0 = Release|Any CPU
		{FD88D1DB-530B-4423-9089-8D32C604AD6B}.Release|x64.ActiveCfg = Release|Any CPU
		{FD88D1DB-530B-4423-9089-8D32C604AD6B}.Release|x64.Build.0 = Release|Any CPU
		{FD88D1DB-530B-4423-9089-8D32C604AD6B}.Release|x86.ActiveCfg = Release|Any CPU
		{FD88D1DB-530B-4423-9089-8D32C604AD6B}.Release|x86.Build.0 = Release|Any CPU
		{EA0C7C6E-1DA0-47BE-875F-F33E01040EA2}.Ad-Hoc|Any CPU.ActiveCfg = Debug|Any CPU
		{EA0C7C6E-1DA0-47BE-875F-F33E01040EA2}.Ad-Hoc|Any CPU.Build.0 = Debug|Any CPU
		{EA0C7C6E-1DA0-47BE-875F-F33E01040EA2}.Ad-Hoc|ARM.ActiveCfg = Debug|Any CPU
		{EA0C7C6E-1DA0-47BE-875F-F33E01040EA2}.Ad-Hoc|ARM.Build.0 = Debug|Any CPU
		{EA0C7C6E-1DA0-47BE-875F-F33E01040EA2}.Ad-Hoc|ARM64.ActiveCfg = Debug|Any CPU
		{EA0C7C6E-1DA0-47BE-875F-F33E01040EA2}.Ad-Hoc|ARM64.Build.0 = Debug|Any CPU
		{EA0C7C6E-1DA0-47BE-875F-F33E01040EA2}.Ad-Hoc|iPhone.ActiveCfg = Debug|Any CPU
		{EA0C7C6E-1DA0-47BE-875F-F33E01040EA2}.Ad-Hoc|iPhone.Build.0 = Debug|Any CPU
		{EA0C7C6E-1DA0-47BE-875F-F33E01040EA2}.Ad-Hoc|iPhoneSimulator.ActiveCfg = Debug|Any CPU
		{EA0C7C6E-1DA0-47BE-875F-F33E01040EA2}.Ad-Hoc|iPhoneSimulator.Build.0 = Debug|Any CPU
		{EA0C7C6E-1DA0-47BE-875F-F33E01040EA2}.Ad-Hoc|x64.ActiveCfg = Debug|Any CPU
		{EA0C7C6E-1DA0-47BE-875F-F33E01040EA2}.Ad-Hoc|x64.Build.0 = Debug|Any CPU
		{EA0C7C6E-1DA0-47BE-875F-F33E01040EA2}.Ad-Hoc|x86.ActiveCfg = Debug|Any CPU
		{EA0C7C6E-1DA0-47BE-875F-F33E01040EA2}.Ad-Hoc|x86.Build.0 = Debug|Any CPU
		{EA0C7C6E-1DA0-47BE-875F-F33E01040EA2}.AppStore|Any CPU.ActiveCfg = Debug|Any CPU
		{EA0C7C6E-1DA0-47BE-875F-F33E01040EA2}.AppStore|Any CPU.Build.0 = Debug|Any CPU
		{EA0C7C6E-1DA0-47BE-875F-F33E01040EA2}.AppStore|ARM.ActiveCfg = Debug|Any CPU
		{EA0C7C6E-1DA0-47BE-875F-F33E01040EA2}.AppStore|ARM.Build.0 = Debug|Any CPU
		{EA0C7C6E-1DA0-47BE-875F-F33E01040EA2}.AppStore|ARM64.ActiveCfg = Debug|Any CPU
		{EA0C7C6E-1DA0-47BE-875F-F33E01040EA2}.AppStore|ARM64.Build.0 = Debug|Any CPU
		{EA0C7C6E-1DA0-47BE-875F-F33E01040EA2}.AppStore|iPhone.ActiveCfg = Debug|Any CPU
		{EA0C7C6E-1DA0-47BE-875F-F33E01040EA2}.AppStore|iPhone.Build.0 = Debug|Any CPU
		{EA0C7C6E-1DA0-47BE-875F-F33E01040EA2}.AppStore|iPhoneSimulator.ActiveCfg = Debug|Any CPU
		{EA0C7C6E-1DA0-47BE-875F-F33E01040EA2}.AppStore|iPhoneSimulator.Build.0 = Debug|Any CPU
		{EA0C7C6E-1DA0-47BE-875F-F33E01040EA2}.AppStore|x64.ActiveCfg = Debug|Any CPU
		{EA0C7C6E-1DA0-47BE-875F-F33E01040EA2}.AppStore|x64.Build.0 = Debug|Any CPU
		{EA0C7C6E-1DA0-47BE-875F-F33E01040EA2}.AppStore|x86.ActiveCfg = Debug|Any CPU
		{EA0C7C6E-1DA0-47BE-875F-F33E01040EA2}.AppStore|x86.Build.0 = Debug|Any CPU
		{EA0C7C6E-1DA0-47BE-875F-F33E01040EA2}.Debug|Any CPU.ActiveCfg = Debug|Any CPU
		{EA0C7C6E-1DA0-47BE-875F-F33E01040EA2}.Debug|Any CPU.Build.0 = Debug|Any CPU
		{EA0C7C6E-1DA0-47BE-875F-F33E01040EA2}.Debug|ARM.ActiveCfg = Debug|Any CPU
		{EA0C7C6E-1DA0-47BE-875F-F33E01040EA2}.Debug|ARM.Build.0 = Debug|Any CPU
		{EA0C7C6E-1DA0-47BE-875F-F33E01040EA2}.Debug|ARM64.ActiveCfg = Debug|Any CPU
		{EA0C7C6E-1DA0-47BE-875F-F33E01040EA2}.Debug|ARM64.Build.0 = Debug|Any CPU
		{EA0C7C6E-1DA0-47BE-875F-F33E01040EA2}.Debug|iPhone.ActiveCfg = Debug|Any CPU
		{EA0C7C6E-1DA0-47BE-875F-F33E01040EA2}.Debug|iPhone.Build.0 = Debug|Any CPU
		{EA0C7C6E-1DA0-47BE-875F-F33E01040EA2}.Debug|iPhoneSimulator.ActiveCfg = Debug|Any CPU
		{EA0C7C6E-1DA0-47BE-875F-F33E01040EA2}.Debug|iPhoneSimulator.Build.0 = Debug|Any CPU
		{EA0C7C6E-1DA0-47BE-875F-F33E01040EA2}.Debug|x64.ActiveCfg = Debug|Any CPU
		{EA0C7C6E-1DA0-47BE-875F-F33E01040EA2}.Debug|x64.Build.0 = Debug|Any CPU
		{EA0C7C6E-1DA0-47BE-875F-F33E01040EA2}.Debug|x86.ActiveCfg = Debug|Any CPU
		{EA0C7C6E-1DA0-47BE-875F-F33E01040EA2}.Debug|x86.Build.0 = Debug|Any CPU
		{EA0C7C6E-1DA0-47BE-875F-F33E01040EA2}.Release|Any CPU.ActiveCfg = Release|Any CPU
		{EA0C7C6E-1DA0-47BE-875F-F33E01040EA2}.Release|Any CPU.Build.0 = Release|Any CPU
		{EA0C7C6E-1DA0-47BE-875F-F33E01040EA2}.Release|ARM.ActiveCfg = Release|Any CPU
		{EA0C7C6E-1DA0-47BE-875F-F33E01040EA2}.Release|ARM.Build.0 = Release|Any CPU
		{EA0C7C6E-1DA0-47BE-875F-F33E01040EA2}.Release|ARM64.ActiveCfg = Release|Any CPU
		{EA0C7C6E-1DA0-47BE-875F-F33E01040EA2}.Release|ARM64.Build.0 = Release|Any CPU
		{EA0C7C6E-1DA0-47BE-875F-F33E01040EA2}.Release|iPhone.ActiveCfg = Release|Any CPU
		{EA0C7C6E-1DA0-47BE-875F-F33E01040EA2}.Release|iPhone.Build.0 = Release|Any CPU
		{EA0C7C6E-1DA0-47BE-875F-F33E01040EA2}.Release|iPhoneSimulator.ActiveCfg = Release|Any CPU
		{EA0C7C6E-1DA0-47BE-875F-F33E01040EA2}.Release|iPhoneSimulator.Build.0 = Release|Any CPU
		{EA0C7C6E-1DA0-47BE-875F-F33E01040EA2}.Release|x64.ActiveCfg = Release|Any CPU
		{EA0C7C6E-1DA0-47BE-875F-F33E01040EA2}.Release|x64.Build.0 = Release|Any CPU
		{EA0C7C6E-1DA0-47BE-875F-F33E01040EA2}.Release|x86.ActiveCfg = Release|Any CPU
		{EA0C7C6E-1DA0-47BE-875F-F33E01040EA2}.Release|x86.Build.0 = Release|Any CPU
		{B3DBE0C0-D4BA-4C80-8B78-104D13967D42}.Ad-Hoc|Any CPU.ActiveCfg = Debug|Any CPU
		{B3DBE0C0-D4BA-4C80-8B78-104D13967D42}.Ad-Hoc|Any CPU.Build.0 = Debug|Any CPU
		{B3DBE0C0-D4BA-4C80-8B78-104D13967D42}.Ad-Hoc|ARM.ActiveCfg = Debug|Any CPU
		{B3DBE0C0-D4BA-4C80-8B78-104D13967D42}.Ad-Hoc|ARM.Build.0 = Debug|Any CPU
		{B3DBE0C0-D4BA-4C80-8B78-104D13967D42}.Ad-Hoc|ARM64.ActiveCfg = Debug|Any CPU
		{B3DBE0C0-D4BA-4C80-8B78-104D13967D42}.Ad-Hoc|ARM64.Build.0 = Debug|Any CPU
		{B3DBE0C0-D4BA-4C80-8B78-104D13967D42}.Ad-Hoc|iPhone.ActiveCfg = Debug|Any CPU
		{B3DBE0C0-D4BA-4C80-8B78-104D13967D42}.Ad-Hoc|iPhone.Build.0 = Debug|Any CPU
		{B3DBE0C0-D4BA-4C80-8B78-104D13967D42}.Ad-Hoc|iPhoneSimulator.ActiveCfg = Debug|Any CPU
		{B3DBE0C0-D4BA-4C80-8B78-104D13967D42}.Ad-Hoc|iPhoneSimulator.Build.0 = Debug|Any CPU
		{B3DBE0C0-D4BA-4C80-8B78-104D13967D42}.Ad-Hoc|x64.ActiveCfg = Debug|Any CPU
		{B3DBE0C0-D4BA-4C80-8B78-104D13967D42}.Ad-Hoc|x64.Build.0 = Debug|Any CPU
		{B3DBE0C0-D4BA-4C80-8B78-104D13967D42}.Ad-Hoc|x86.ActiveCfg = Debug|Any CPU
		{B3DBE0C0-D4BA-4C80-8B78-104D13967D42}.Ad-Hoc|x86.Build.0 = Debug|Any CPU
		{B3DBE0C0-D4BA-4C80-8B78-104D13967D42}.AppStore|Any CPU.ActiveCfg = Debug|Any CPU
		{B3DBE0C0-D4BA-4C80-8B78-104D13967D42}.AppStore|Any CPU.Build.0 = Debug|Any CPU
		{B3DBE0C0-D4BA-4C80-8B78-104D13967D42}.AppStore|ARM.ActiveCfg = Debug|Any CPU
		{B3DBE0C0-D4BA-4C80-8B78-104D13967D42}.AppStore|ARM.Build.0 = Debug|Any CPU
		{B3DBE0C0-D4BA-4C80-8B78-104D13967D42}.AppStore|ARM64.ActiveCfg = Debug|Any CPU
		{B3DBE0C0-D4BA-4C80-8B78-104D13967D42}.AppStore|ARM64.Build.0 = Debug|Any CPU
		{B3DBE0C0-D4BA-4C80-8B78-104D13967D42}.AppStore|iPhone.ActiveCfg = Debug|Any CPU
		{B3DBE0C0-D4BA-4C80-8B78-104D13967D42}.AppStore|iPhone.Build.0 = Debug|Any CPU
		{B3DBE0C0-D4BA-4C80-8B78-104D13967D42}.AppStore|iPhoneSimulator.ActiveCfg = Debug|Any CPU
		{B3DBE0C0-D4BA-4C80-8B78-104D13967D42}.AppStore|iPhoneSimulator.Build.0 = Debug|Any CPU
		{B3DBE0C0-D4BA-4C80-8B78-104D13967D42}.AppStore|x64.ActiveCfg = Debug|Any CPU
		{B3DBE0C0-D4BA-4C80-8B78-104D13967D42}.AppStore|x64.Build.0 = Debug|Any CPU
		{B3DBE0C0-D4BA-4C80-8B78-104D13967D42}.AppStore|x86.ActiveCfg = Debug|Any CPU
		{B3DBE0C0-D4BA-4C80-8B78-104D13967D42}.AppStore|x86.Build.0 = Debug|Any CPU
		{B3DBE0C0-D4BA-4C80-8B78-104D13967D42}.Debug|Any CPU.ActiveCfg = Debug|Any CPU
		{B3DBE0C0-D4BA-4C80-8B78-104D13967D42}.Debug|Any CPU.Build.0 = Debug|Any CPU
		{B3DBE0C0-D4BA-4C80-8B78-104D13967D42}.Debug|ARM.ActiveCfg = Debug|Any CPU
		{B3DBE0C0-D4BA-4C80-8B78-104D13967D42}.Debug|ARM.Build.0 = Debug|Any CPU
		{B3DBE0C0-D4BA-4C80-8B78-104D13967D42}.Debug|ARM64.ActiveCfg = Debug|Any CPU
		{B3DBE0C0-D4BA-4C80-8B78-104D13967D42}.Debug|ARM64.Build.0 = Debug|Any CPU
		{B3DBE0C0-D4BA-4C80-8B78-104D13967D42}.Debug|iPhone.ActiveCfg = Debug|Any CPU
		{B3DBE0C0-D4BA-4C80-8B78-104D13967D42}.Debug|iPhone.Build.0 = Debug|Any CPU
		{B3DBE0C0-D4BA-4C80-8B78-104D13967D42}.Debug|iPhoneSimulator.ActiveCfg = Debug|Any CPU
		{B3DBE0C0-D4BA-4C80-8B78-104D13967D42}.Debug|iPhoneSimulator.Build.0 = Debug|Any CPU
		{B3DBE0C0-D4BA-4C80-8B78-104D13967D42}.Debug|x64.ActiveCfg = Debug|Any CPU
		{B3DBE0C0-D4BA-4C80-8B78-104D13967D42}.Debug|x64.Build.0 = Debug|Any CPU
		{B3DBE0C0-D4BA-4C80-8B78-104D13967D42}.Debug|x86.ActiveCfg = Debug|Any CPU
		{B3DBE0C0-D4BA-4C80-8B78-104D13967D42}.Debug|x86.Build.0 = Debug|Any CPU
		{B3DBE0C0-D4BA-4C80-8B78-104D13967D42}.Release|Any CPU.ActiveCfg = Release|Any CPU
		{B3DBE0C0-D4BA-4C80-8B78-104D13967D42}.Release|Any CPU.Build.0 = Release|Any CPU
		{B3DBE0C0-D4BA-4C80-8B78-104D13967D42}.Release|ARM.ActiveCfg = Release|Any CPU
		{B3DBE0C0-D4BA-4C80-8B78-104D13967D42}.Release|ARM.Build.0 = Release|Any CPU
		{B3DBE0C0-D4BA-4C80-8B78-104D13967D42}.Release|ARM64.ActiveCfg = Release|Any CPU
		{B3DBE0C0-D4BA-4C80-8B78-104D13967D42}.Release|ARM64.Build.0 = Release|Any CPU
		{B3DBE0C0-D4BA-4C80-8B78-104D13967D42}.Release|iPhone.ActiveCfg = Release|Any CPU
		{B3DBE0C0-D4BA-4C80-8B78-104D13967D42}.Release|iPhone.Build.0 = Release|Any CPU
		{B3DBE0C0-D4BA-4C80-8B78-104D13967D42}.Release|iPhoneSimulator.ActiveCfg = Release|Any CPU
		{B3DBE0C0-D4BA-4C80-8B78-104D13967D42}.Release|iPhoneSimulator.Build.0 = Release|Any CPU
		{B3DBE0C0-D4BA-4C80-8B78-104D13967D42}.Release|x64.ActiveCfg = Release|Any CPU
		{B3DBE0C0-D4BA-4C80-8B78-104D13967D42}.Release|x64.Build.0 = Release|Any CPU
		{B3DBE0C0-D4BA-4C80-8B78-104D13967D42}.Release|x86.ActiveCfg = Release|Any CPU
		{B3DBE0C0-D4BA-4C80-8B78-104D13967D42}.Release|x86.Build.0 = Release|Any CPU
		{0BDE2A01-4CF6-4900-8F9E-B8714BE415A6}.Ad-Hoc|Any CPU.ActiveCfg = Debug|Any CPU
		{0BDE2A01-4CF6-4900-8F9E-B8714BE415A6}.Ad-Hoc|Any CPU.Build.0 = Debug|Any CPU
		{0BDE2A01-4CF6-4900-8F9E-B8714BE415A6}.Ad-Hoc|ARM.ActiveCfg = Debug|Any CPU
		{0BDE2A01-4CF6-4900-8F9E-B8714BE415A6}.Ad-Hoc|ARM.Build.0 = Debug|Any CPU
		{0BDE2A01-4CF6-4900-8F9E-B8714BE415A6}.Ad-Hoc|ARM64.ActiveCfg = Debug|Any CPU
		{0BDE2A01-4CF6-4900-8F9E-B8714BE415A6}.Ad-Hoc|ARM64.Build.0 = Debug|Any CPU
		{0BDE2A01-4CF6-4900-8F9E-B8714BE415A6}.Ad-Hoc|iPhone.ActiveCfg = Debug|Any CPU
		{0BDE2A01-4CF6-4900-8F9E-B8714BE415A6}.Ad-Hoc|iPhone.Build.0 = Debug|Any CPU
		{0BDE2A01-4CF6-4900-8F9E-B8714BE415A6}.Ad-Hoc|iPhoneSimulator.ActiveCfg = Debug|Any CPU
		{0BDE2A01-4CF6-4900-8F9E-B8714BE415A6}.Ad-Hoc|iPhoneSimulator.Build.0 = Debug|Any CPU
		{0BDE2A01-4CF6-4900-8F9E-B8714BE415A6}.Ad-Hoc|x64.ActiveCfg = Debug|Any CPU
		{0BDE2A01-4CF6-4900-8F9E-B8714BE415A6}.Ad-Hoc|x64.Build.0 = Debug|Any CPU
		{0BDE2A01-4CF6-4900-8F9E-B8714BE415A6}.Ad-Hoc|x86.ActiveCfg = Debug|Any CPU
		{0BDE2A01-4CF6-4900-8F9E-B8714BE415A6}.Ad-Hoc|x86.Build.0 = Debug|Any CPU
		{0BDE2A01-4CF6-4900-8F9E-B8714BE415A6}.AppStore|Any CPU.ActiveCfg = Debug|Any CPU
		{0BDE2A01-4CF6-4900-8F9E-B8714BE415A6}.AppStore|Any CPU.Build.0 = Debug|Any CPU
		{0BDE2A01-4CF6-4900-8F9E-B8714BE415A6}.AppStore|ARM.ActiveCfg = Debug|Any CPU
		{0BDE2A01-4CF6-4900-8F9E-B8714BE415A6}.AppStore|ARM.Build.0 = Debug|Any CPU
		{0BDE2A01-4CF6-4900-8F9E-B8714BE415A6}.AppStore|ARM64.ActiveCfg = Debug|Any CPU
		{0BDE2A01-4CF6-4900-8F9E-B8714BE415A6}.AppStore|ARM64.Build.0 = Debug|Any CPU
		{0BDE2A01-4CF6-4900-8F9E-B8714BE415A6}.AppStore|iPhone.ActiveCfg = Debug|Any CPU
		{0BDE2A01-4CF6-4900-8F9E-B8714BE415A6}.AppStore|iPhone.Build.0 = Debug|Any CPU
		{0BDE2A01-4CF6-4900-8F9E-B8714BE415A6}.AppStore|iPhoneSimulator.ActiveCfg = Debug|Any CPU
		{0BDE2A01-4CF6-4900-8F9E-B8714BE415A6}.AppStore|iPhoneSimulator.Build.0 = Debug|Any CPU
		{0BDE2A01-4CF6-4900-8F9E-B8714BE415A6}.AppStore|x64.ActiveCfg = Debug|Any CPU
		{0BDE2A01-4CF6-4900-8F9E-B8714BE415A6}.AppStore|x64.Build.0 = Debug|Any CPU
		{0BDE2A01-4CF6-4900-8F9E-B8714BE415A6}.AppStore|x86.ActiveCfg = Debug|Any CPU
		{0BDE2A01-4CF6-4900-8F9E-B8714BE415A6}.AppStore|x86.Build.0 = Debug|Any CPU
		{0BDE2A01-4CF6-4900-8F9E-B8714BE415A6}.Debug|Any CPU.ActiveCfg = Debug|Any CPU
		{0BDE2A01-4CF6-4900-8F9E-B8714BE415A6}.Debug|Any CPU.Build.0 = Debug|Any CPU
		{0BDE2A01-4CF6-4900-8F9E-B8714BE415A6}.Debug|ARM.ActiveCfg = Debug|Any CPU
		{0BDE2A01-4CF6-4900-8F9E-B8714BE415A6}.Debug|ARM.Build.0 = Debug|Any CPU
		{0BDE2A01-4CF6-4900-8F9E-B8714BE415A6}.Debug|ARM64.ActiveCfg = Debug|Any CPU
		{0BDE2A01-4CF6-4900-8F9E-B8714BE415A6}.Debug|ARM64.Build.0 = Debug|Any CPU
		{0BDE2A01-4CF6-4900-8F9E-B8714BE415A6}.Debug|iPhone.ActiveCfg = Debug|Any CPU
		{0BDE2A01-4CF6-4900-8F9E-B8714BE415A6}.Debug|iPhone.Build.0 = Debug|Any CPU
		{0BDE2A01-4CF6-4900-8F9E-B8714BE415A6}.Debug|iPhoneSimulator.ActiveCfg = Debug|Any CPU
		{0BDE2A01-4CF6-4900-8F9E-B8714BE415A6}.Debug|iPhoneSimulator.Build.0 = Debug|Any CPU
		{0BDE2A01-4CF6-4900-8F9E-B8714BE415A6}.Debug|x64.ActiveCfg = Debug|Any CPU
		{0BDE2A01-4CF6-4900-8F9E-B8714BE415A6}.Debug|x64.Build.0 = Debug|Any CPU
		{0BDE2A01-4CF6-4900-8F9E-B8714BE415A6}.Debug|x86.ActiveCfg = Debug|Any CPU
		{0BDE2A01-4CF6-4900-8F9E-B8714BE415A6}.Debug|x86.Build.0 = Debug|Any CPU
		{0BDE2A01-4CF6-4900-8F9E-B8714BE415A6}.Release|Any CPU.ActiveCfg = Release|Any CPU
		{0BDE2A01-4CF6-4900-8F9E-B8714BE415A6}.Release|Any CPU.Build.0 = Release|Any CPU
		{0BDE2A01-4CF6-4900-8F9E-B8714BE415A6}.Release|ARM.ActiveCfg = Release|Any CPU
		{0BDE2A01-4CF6-4900-8F9E-B8714BE415A6}.Release|ARM.Build.0 = Release|Any CPU
		{0BDE2A01-4CF6-4900-8F9E-B8714BE415A6}.Release|ARM64.ActiveCfg = Release|Any CPU
		{0BDE2A01-4CF6-4900-8F9E-B8714BE415A6}.Release|ARM64.Build.0 = Release|Any CPU
		{0BDE2A01-4CF6-4900-8F9E-B8714BE415A6}.Release|iPhone.ActiveCfg = Release|Any CPU
		{0BDE2A01-4CF6-4900-8F9E-B8714BE415A6}.Release|iPhone.Build.0 = Release|Any CPU
		{0BDE2A01-4CF6-4900-8F9E-B8714BE415A6}.Release|iPhoneSimulator.ActiveCfg = Release|Any CPU
		{0BDE2A01-4CF6-4900-8F9E-B8714BE415A6}.Release|iPhoneSimulator.Build.0 = Release|Any CPU
		{0BDE2A01-4CF6-4900-8F9E-B8714BE415A6}.Release|x64.ActiveCfg = Release|Any CPU
		{0BDE2A01-4CF6-4900-8F9E-B8714BE415A6}.Release|x64.Build.0 = Release|Any CPU
		{0BDE2A01-4CF6-4900-8F9E-B8714BE415A6}.Release|x86.ActiveCfg = Release|Any CPU
		{0BDE2A01-4CF6-4900-8F9E-B8714BE415A6}.Release|x86.Build.0 = Release|Any CPU
		{A7B62BE4-75F7-45E3-B31A-5EC6A326EDB1}.Ad-Hoc|Any CPU.ActiveCfg = Debug|Any CPU
		{A7B62BE4-75F7-45E3-B31A-5EC6A326EDB1}.Ad-Hoc|Any CPU.Build.0 = Debug|Any CPU
		{A7B62BE4-75F7-45E3-B31A-5EC6A326EDB1}.Ad-Hoc|ARM.ActiveCfg = Debug|Any CPU
		{A7B62BE4-75F7-45E3-B31A-5EC6A326EDB1}.Ad-Hoc|ARM.Build.0 = Debug|Any CPU
		{A7B62BE4-75F7-45E3-B31A-5EC6A326EDB1}.Ad-Hoc|ARM64.ActiveCfg = Debug|Any CPU
		{A7B62BE4-75F7-45E3-B31A-5EC6A326EDB1}.Ad-Hoc|ARM64.Build.0 = Debug|Any CPU
		{A7B62BE4-75F7-45E3-B31A-5EC6A326EDB1}.Ad-Hoc|iPhone.ActiveCfg = Debug|Any CPU
		{A7B62BE4-75F7-45E3-B31A-5EC6A326EDB1}.Ad-Hoc|iPhone.Build.0 = Debug|Any CPU
		{A7B62BE4-75F7-45E3-B31A-5EC6A326EDB1}.Ad-Hoc|iPhoneSimulator.ActiveCfg = Debug|Any CPU
		{A7B62BE4-75F7-45E3-B31A-5EC6A326EDB1}.Ad-Hoc|iPhoneSimulator.Build.0 = Debug|Any CPU
		{A7B62BE4-75F7-45E3-B31A-5EC6A326EDB1}.Ad-Hoc|x64.ActiveCfg = Debug|Any CPU
		{A7B62BE4-75F7-45E3-B31A-5EC6A326EDB1}.Ad-Hoc|x64.Build.0 = Debug|Any CPU
		{A7B62BE4-75F7-45E3-B31A-5EC6A326EDB1}.Ad-Hoc|x86.ActiveCfg = Debug|Any CPU
		{A7B62BE4-75F7-45E3-B31A-5EC6A326EDB1}.Ad-Hoc|x86.Build.0 = Debug|Any CPU
		{A7B62BE4-75F7-45E3-B31A-5EC6A326EDB1}.AppStore|Any CPU.ActiveCfg = Debug|Any CPU
		{A7B62BE4-75F7-45E3-B31A-5EC6A326EDB1}.AppStore|Any CPU.Build.0 = Debug|Any CPU
		{A7B62BE4-75F7-45E3-B31A-5EC6A326EDB1}.AppStore|ARM.ActiveCfg = Debug|Any CPU
		{A7B62BE4-75F7-45E3-B31A-5EC6A326EDB1}.AppStore|ARM.Build.0 = Debug|Any CPU
		{A7B62BE4-75F7-45E3-B31A-5EC6A326EDB1}.AppStore|ARM64.ActiveCfg = Debug|Any CPU
		{A7B62BE4-75F7-45E3-B31A-5EC6A326EDB1}.AppStore|ARM64.Build.0 = Debug|Any CPU
		{A7B62BE4-75F7-45E3-B31A-5EC6A326EDB1}.AppStore|iPhone.ActiveCfg = Debug|Any CPU
		{A7B62BE4-75F7-45E3-B31A-5EC6A326EDB1}.AppStore|iPhone.Build.0 = Debug|Any CPU
		{A7B62BE4-75F7-45E3-B31A-5EC6A326EDB1}.AppStore|iPhoneSimulator.ActiveCfg = Debug|Any CPU
		{A7B62BE4-75F7-45E3-B31A-5EC6A326EDB1}.AppStore|iPhoneSimulator.Build.0 = Debug|Any CPU
		{A7B62BE4-75F7-45E3-B31A-5EC6A326EDB1}.AppStore|x64.ActiveCfg = Debug|Any CPU
		{A7B62BE4-75F7-45E3-B31A-5EC6A326EDB1}.AppStore|x64.Build.0 = Debug|Any CPU
		{A7B62BE4-75F7-45E3-B31A-5EC6A326EDB1}.AppStore|x86.ActiveCfg = Debug|Any CPU
		{A7B62BE4-75F7-45E3-B31A-5EC6A326EDB1}.AppStore|x86.Build.0 = Debug|Any CPU
		{A7B62BE4-75F7-45E3-B31A-5EC6A326EDB1}.Debug|Any CPU.ActiveCfg = Debug|Any CPU
		{A7B62BE4-75F7-45E3-B31A-5EC6A326EDB1}.Debug|Any CPU.Build.0 = Debug|Any CPU
		{A7B62BE4-75F7-45E3-B31A-5EC6A326EDB1}.Debug|ARM.ActiveCfg = Debug|Any CPU
		{A7B62BE4-75F7-45E3-B31A-5EC6A326EDB1}.Debug|ARM.Build.0 = Debug|Any CPU
		{A7B62BE4-75F7-45E3-B31A-5EC6A326EDB1}.Debug|ARM64.ActiveCfg = Debug|Any CPU
		{A7B62BE4-75F7-45E3-B31A-5EC6A326EDB1}.Debug|ARM64.Build.0 = Debug|Any CPU
		{A7B62BE4-75F7-45E3-B31A-5EC6A326EDB1}.Debug|iPhone.ActiveCfg = Debug|Any CPU
		{A7B62BE4-75F7-45E3-B31A-5EC6A326EDB1}.Debug|iPhone.Build.0 = Debug|Any CPU
		{A7B62BE4-75F7-45E3-B31A-5EC6A326EDB1}.Debug|iPhoneSimulator.ActiveCfg = Debug|Any CPU
		{A7B62BE4-75F7-45E3-B31A-5EC6A326EDB1}.Debug|iPhoneSimulator.Build.0 = Debug|Any CPU
		{A7B62BE4-75F7-45E3-B31A-5EC6A326EDB1}.Debug|x64.ActiveCfg = Debug|Any CPU
		{A7B62BE4-75F7-45E3-B31A-5EC6A326EDB1}.Debug|x64.Build.0 = Debug|Any CPU
		{A7B62BE4-75F7-45E3-B31A-5EC6A326EDB1}.Debug|x86.ActiveCfg = Debug|Any CPU
		{A7B62BE4-75F7-45E3-B31A-5EC6A326EDB1}.Debug|x86.Build.0 = Debug|Any CPU
		{A7B62BE4-75F7-45E3-B31A-5EC6A326EDB1}.Release|Any CPU.ActiveCfg = Release|Any CPU
		{A7B62BE4-75F7-45E3-B31A-5EC6A326EDB1}.Release|Any CPU.Build.0 = Release|Any CPU
		{A7B62BE4-75F7-45E3-B31A-5EC6A326EDB1}.Release|ARM.ActiveCfg = Release|Any CPU
		{A7B62BE4-75F7-45E3-B31A-5EC6A326EDB1}.Release|ARM.Build.0 = Release|Any CPU
		{A7B62BE4-75F7-45E3-B31A-5EC6A326EDB1}.Release|ARM64.ActiveCfg = Release|Any CPU
		{A7B62BE4-75F7-45E3-B31A-5EC6A326EDB1}.Release|ARM64.Build.0 = Release|Any CPU
		{A7B62BE4-75F7-45E3-B31A-5EC6A326EDB1}.Release|iPhone.ActiveCfg = Release|Any CPU
		{A7B62BE4-75F7-45E3-B31A-5EC6A326EDB1}.Release|iPhone.Build.0 = Release|Any CPU
		{A7B62BE4-75F7-45E3-B31A-5EC6A326EDB1}.Release|iPhoneSimulator.ActiveCfg = Release|Any CPU
		{A7B62BE4-75F7-45E3-B31A-5EC6A326EDB1}.Release|iPhoneSimulator.Build.0 = Release|Any CPU
		{A7B62BE4-75F7-45E3-B31A-5EC6A326EDB1}.Release|x64.ActiveCfg = Release|Any CPU
		{A7B62BE4-75F7-45E3-B31A-5EC6A326EDB1}.Release|x64.Build.0 = Release|Any CPU
		{A7B62BE4-75F7-45E3-B31A-5EC6A326EDB1}.Release|x86.ActiveCfg = Release|Any CPU
		{A7B62BE4-75F7-45E3-B31A-5EC6A326EDB1}.Release|x86.Build.0 = Release|Any CPU
	EndGlobalSection
	GlobalSection(SolutionProperties) = preSolution
		HideSolutionNode = FALSE
	EndGlobalSection
	GlobalSection(NestedProjects) = preSolution
		{B3C645A6-16E7-4D2B-BA02-9EBB59D89A76} = {0DBC6B64-9625-4965-9503-49EB1F041EF2}
		{49E9A7AB-E7E9-436A-AF4A-6D0D3B796D40} = {0DBC6B64-9625-4965-9503-49EB1F041EF2}
		{9E50774A-9805-40AD-B8F9-B0D5E20F6054} = {0DBC6B64-9625-4965-9503-49EB1F041EF2}
		{2E2BE482-9E2D-4FC4-B525-86D48053F7B0} = {0DBC6B64-9625-4965-9503-49EB1F041EF2}
		{B027EDB9-41C7-4D4C-A9D5-E9F6CE608D9E} = {0DBC6B64-9625-4965-9503-49EB1F041EF2}
		{A67A842B-09B1-4AEC-B83B-66D7001C3D41} = {0DBC6B64-9625-4965-9503-49EB1F041EF2}
		{4975DFDA-A1D6-4186-95C3-A72C6CA78502} = {0DBC6B64-9625-4965-9503-49EB1F041EF2}
		{6279C845-92F8-4333-AB99-3D213163593C} = {5B783E5C-C183-463F-87FB-2F9FC1B91C6D}
		{8E7F888F-B0D6-47D2-986B-420767A447F3} = {5B783E5C-C183-463F-87FB-2F9FC1B91C6D}
		{6D26AFB7-5886-4379-9B7E-BB7DBD283205} = {5B783E5C-C183-463F-87FB-2F9FC1B91C6D}
		{3F40E190-C776-454D-9D0B-10817BD832D4} = {5B783E5C-C183-463F-87FB-2F9FC1B91C6D}
		{4FCAF9AA-79E8-4F05-8B5D-4141351FCFBE} = {5B783E5C-C183-463F-87FB-2F9FC1B91C6D}
		{4486FCDA-33E5-44B2-A7FA-3ABA2C494A0A} = {5B783E5C-C183-463F-87FB-2F9FC1B91C6D}
		{FD88D1DB-530B-4423-9089-8D32C604AD6B} = {5B783E5C-C183-463F-87FB-2F9FC1B91C6D}
		{EA0C7C6E-1DA0-47BE-875F-F33E01040EA2} = {5B783E5C-C183-463F-87FB-2F9FC1B91C6D}
		{B3DBE0C0-D4BA-4C80-8B78-104D13967D42} = {5B783E5C-C183-463F-87FB-2F9FC1B91C6D}
		{0BDE2A01-4CF6-4900-8F9E-B8714BE415A6} = {5B783E5C-C183-463F-87FB-2F9FC1B91C6D}
		{A7B62BE4-75F7-45E3-B31A-5EC6A326EDB1} = {0DBC6B64-9625-4965-9503-49EB1F041EF2}
	EndGlobalSection
	GlobalSection(ExtensibilityGlobals) = postSolution
		SolutionGuid = {1A0E70B9-1CA3-488C-8523-3ADC1994E56B}
	EndGlobalSection
EndGlobal
